// !$*UTF8*$!
{
	archiveVersion = 1;
	classes = {
	};
	objectVersion = 46;
	objects = {

/* Begin PBXAggregateTarget section */
		28FB2DDE35AB4F6A98D7D651 /* ZERO_CHECK */ = {
			isa = PBXAggregateTarget;
			buildConfigurationList = DB3773C50843422FBCA9D474 /* Build configuration list for PBXAggregateTarget "ZERO_CHECK" */;
			buildPhases = (
				EAE67ED344C14DAC85F95FBE /* CMake Rules */,
			);
			dependencies = (
			);
			name = ZERO_CHECK;
			productName = ZERO_CHECK;
		};
		8CA8B0F6EC59476BA87C5860 /* ALL_BUILD */ = {
			isa = PBXAggregateTarget;
			buildConfigurationList = 65EC2F673CA842E58EFA4722 /* Build configuration list for PBXAggregateTarget "ALL_BUILD" */;
			buildPhases = (
				C19C111FAF4D4F539B9D9731 /* CMake Rules */,
			);
			dependencies = (
				3BBA8187162B4CC3880E4BFB /* PBXTargetDependency */,
				2FB62E05CF78426BAF948C42 /* PBXTargetDependency */,
			);
			name = ALL_BUILD;
			productName = ALL_BUILD;
		};
/* End PBXAggregateTarget section */

/* Begin PBXBuildFile section */
		919C0E20CF0A4FC29479EE61 /* PointCloudLibraryWrapper.hh in Headers */ = {isa = PBXBuildFile; fileRef = 4776A9F1BCD34A4C87B89FFB /* PointCloudLibraryWrapper.hh */; settings = {ATTRIBUTES = (Public, ); }; };
		B053DA17744D42739CEA6F6E /* PointCloudLibraryWrapper.cpp in Sources */ = {isa = PBXBuildFile; fileRef = 904C5CFF2A6B4DFC956807B0 /* PointCloudLibraryWrapper.cpp */; };
/* End PBXBuildFile section */

/* Begin PBXContainerItemProxy section */
		4C3DBDCDF1F54279B1508FA8 /* PBXContainerItemProxy */ = {
			isa = PBXContainerItemProxy;
			containerPortal = 4BB267EFFCE54716BD89A4DC /* Project object */;
			proxyType = 1;
			remoteGlobalIDString = 28FB2DDE35AB4F6A98D7D651;
			remoteInfo = ZERO_CHECK;
		};
		771EFDF909D24A6FBC2C7558 /* PBXContainerItemProxy */ = {
			isa = PBXContainerItemProxy;
			containerPortal = 4BB267EFFCE54716BD89A4DC /* Project object */;
			proxyType = 1;
			remoteGlobalIDString = 28FB2DDE35AB4F6A98D7D651;
			remoteInfo = ZERO_CHECK;
		};
		78AC40ABE56F400AACDB3809 /* PBXContainerItemProxy */ = {
			isa = PBXContainerItemProxy;
			containerPortal = 4BB267EFFCE54716BD89A4DC /* Project object */;
			proxyType = 1;
			remoteGlobalIDString = 02578C4B1F4340D182A62B1E;
			remoteInfo = pcl;
		};
/* End PBXContainerItemProxy section */

/* Begin PBXFileReference section */
		12F5569C0F7643549C3AFEDB /* pcl.framework */ = {isa = PBXFileReference; explicitFileType = wrapper.framework; path = pcl.framework; sourceTree = BUILT_PRODUCTS_DIR; };
		2625287C2A724394A375961C /* CMakeLists.txt */ = {isa = PBXFileReference; explicitFileType = sourcecode.text; fileEncoding = 4; lastKnownFileType = text; path = CMakeLists.txt; sourceTree = SOURCE_ROOT; };
		4776A9F1BCD34A4C87B89FFB /* PointCloudLibraryWrapper.hh */ = {isa = PBXFileReference; explicitFileType = sourcecode.cpp.h; fileEncoding = 4; path = PointCloudLibraryWrapper.hh; sourceTree = SOURCE_ROOT; };
		904C5CFF2A6B4DFC956807B0 /* PointCloudLibraryWrapper.cpp */ = {isa = PBXFileReference; explicitFileType = sourcecode.cpp.cpp; fileEncoding = 4; path = PointCloudLibraryWrapper.cpp; sourceTree = SOURCE_ROOT; };
		98A11FA063C44610BEDDD369 /* CMakeLists.txt */ = {isa = PBXFileReference; explicitFileType = sourcecode.text; fileEncoding = 4; lastKnownFileType = text; path = CMakeLists.txt; sourceTree = SOURCE_ROOT; };
		B27074CD326C48599116C74B /* CMakeLists.txt */ = {isa = PBXFileReference; explicitFileType = sourcecode.text; fileEncoding = 4; lastKnownFileType = text; path = CMakeLists.txt; sourceTree = SOURCE_ROOT; };
/* End PBXFileReference section */

/* Begin PBXGroup section */
		0CBA5E7581164B6AA34C3C61 /* pcl */ = {
			isa = PBXGroup;
			children = (
				8AB9D3D84E39405291665123 /* Header Files */,
				281730ABBBE644DFAC61A4BB /* Source Files */,
				98A11FA063C44610BEDDD369 /* CMakeLists.txt */,
			);
			name = pcl;
			sourceTree = "<group>";
		};
		281730ABBBE644DFAC61A4BB /* Source Files */ = {
			isa = PBXGroup;
			children = (
				904C5CFF2A6B4DFC956807B0 /* PointCloudLibraryWrapper.cpp */,
			);
			name = "Source Files";
			sourceTree = "<group>";
		};
		2826D50262864FC5A256C7CF /* ZERO_CHECK */ = {
			isa = PBXGroup;
			children = (
				4FD1FCAD835D4A02AE4F7954 /* CMake Rules */,
				B27074CD326C48599116C74B /* CMakeLists.txt */,
			);
			name = ZERO_CHECK;
			sourceTree = "<group>";
		};
		4FD1FCAD835D4A02AE4F7954 /* CMake Rules */ = {
			isa = PBXGroup;
			children = (
			);
			name = "CMake Rules";
			sourceTree = "<group>";
		};
		63C6B74F0DD14FAC82B395B5 /* ALL_BUILD */ = {
			isa = PBXGroup;
			children = (
				A64965C64AC04D9585FD767F /* CMake Rules */,
				2625287C2A724394A375961C /* CMakeLists.txt */,
			);
			name = ALL_BUILD;
			sourceTree = "<group>";
		};
		7EFD80B62D9C43CA8B5CB1C3 = {
			isa = PBXGroup;
			children = (
				0CBA5E7581164B6AA34C3C61 /* pcl */,
				63C6B74F0DD14FAC82B395B5 /* ALL_BUILD */,
				2826D50262864FC5A256C7CF /* ZERO_CHECK */,
				BC1019C6F593425D8D57783A /* Products */,
			);
			sourceTree = "<group>";
		};
		8AB9D3D84E39405291665123 /* Header Files */ = {
			isa = PBXGroup;
			children = (
				4776A9F1BCD34A4C87B89FFB /* PointCloudLibraryWrapper.hh */,
			);
			name = "Header Files";
			sourceTree = "<group>";
		};
		A64965C64AC04D9585FD767F /* CMake Rules */ = {
			isa = PBXGroup;
			children = (
			);
			name = "CMake Rules";
			sourceTree = "<group>";
		};
		BC1019C6F593425D8D57783A /* Products */ = {
			isa = PBXGroup;
			children = (
				12F5569C0F7643549C3AFEDB /* pcl.framework */,
			);
			name = Products;
			sourceTree = "<group>";
		};
/* End PBXGroup section */

/* Begin PBXHeadersBuildPhase section */
		BB3ECC3384ED43B29569DD22 /* Headers */ = {
			isa = PBXHeadersBuildPhase;
			buildActionMask = 2147483647;
			files = (
				919C0E20CF0A4FC29479EE61 /* PointCloudLibraryWrapper.hh in Headers */,
			);
			runOnlyForDeploymentPostprocessing = 0;
		};
/* End PBXHeadersBuildPhase section */

/* Begin PBXNativeTarget section */
		02578C4B1F4340D182A62B1E /* pcl */ = {
			isa = PBXNativeTarget;
			buildConfigurationList = A51D572C644C46F595E72521 /* Build configuration list for PBXNativeTarget "pcl" */;
			buildPhases = (
				BB3ECC3384ED43B29569DD22 /* Headers */,
				D2E27639D308452EB928FFD8 /* Sources */,
			);
			buildRules = (
			);
			dependencies = (
				B8F42B087B304D35B1633F6C /* PBXTargetDependency */,
			);
			name = pcl;
			productName = pcl;
			productReference = 12F5569C0F7643549C3AFEDB /* pcl.framework */;
			productType = "com.apple.product-type.framework";
		};
/* End PBXNativeTarget section */

/* Begin PBXProject section */
		4BB267EFFCE54716BD89A4DC /* Project object */ = {
			isa = PBXProject;
			attributes = {
				BuildIndependentTargetsInParallel = YES;
				LastUpgradeCheck = 0920;
				TargetAttributes = {
					02578C4B1F4340D182A62B1E = {
						DevelopmentTeam = 78DZ8RW2TV;
					};
				};
			};
			buildConfigurationList = D96061F9CB3E488EBBCE8D92 /* Build configuration list for PBXProject "Project" */;
			compatibilityVersion = "Xcode 3.2";
			developmentRegion = en;
			hasScannedForEncodings = 0;
			knownRegions = (
				en,
			);
			mainGroup = 7EFD80B62D9C43CA8B5CB1C3;
			projectDirPath = ../;
			projectRoot = "";
			targets = (
				8CA8B0F6EC59476BA87C5860 /* ALL_BUILD */,
				28FB2DDE35AB4F6A98D7D651 /* ZERO_CHECK */,
				02578C4B1F4340D182A62B1E /* pcl */,
			);
		};
/* End PBXProject section */

/* Begin PBXShellScriptBuildPhase section */
		C19C111FAF4D4F539B9D9731 /* CMake Rules */ = {
			isa = PBXShellScriptBuildPhase;
			buildActionMask = 2147483647;
			files = (
			);
			name = "CMake Rules";
			runOnlyForDeploymentPostprocessing = 0;
			shellPath = /bin/sh;
			shellScript = "make -C /Users/T_O/pcl-superbuild/iOSWrapper/Xcode -f /Users/T_O/pcl-superbuild/iOSWrapper/Xcode/CMakeScripts/ALL_BUILD_cmakeRulesBuildPhase.make$CONFIGURATION all";
			showEnvVarsInLog = 0;
		};
		EAE67ED344C14DAC85F95FBE /* CMake Rules */ = {
			isa = PBXShellScriptBuildPhase;
			buildActionMask = 2147483647;
			files = (
			);
			name = "CMake Rules";
			runOnlyForDeploymentPostprocessing = 0;
			shellPath = /bin/sh;
			shellScript = "make -C /Users/T_O/pcl-superbuild/iOSWrapper/Xcode -f /Users/T_O/pcl-superbuild/iOSWrapper/Xcode/CMakeScripts/ZERO_CHECK_cmakeRulesBuildPhase.make$CONFIGURATION all";
			showEnvVarsInLog = 0;
		};
/* End PBXShellScriptBuildPhase section */

/* Begin PBXSourcesBuildPhase section */
		D2E27639D308452EB928FFD8 /* Sources */ = {
			isa = PBXSourcesBuildPhase;
			buildActionMask = 2147483647;
			files = (
				B053DA17744D42739CEA6F6E /* PointCloudLibraryWrapper.cpp in Sources */,
			);
			runOnlyForDeploymentPostprocessing = 0;
		};
/* End PBXSourcesBuildPhase section */

/* Begin PBXTargetDependency section */
		2FB62E05CF78426BAF948C42 /* PBXTargetDependency */ = {
			isa = PBXTargetDependency;
			target = 28FB2DDE35AB4F6A98D7D651 /* ZERO_CHECK */;
			targetProxy = 771EFDF909D24A6FBC2C7558 /* PBXContainerItemProxy */;
		};
		3BBA8187162B4CC3880E4BFB /* PBXTargetDependency */ = {
			isa = PBXTargetDependency;
			target = 02578C4B1F4340D182A62B1E /* pcl */;
			targetProxy = 78AC40ABE56F400AACDB3809 /* PBXContainerItemProxy */;
		};
		B8F42B087B304D35B1633F6C /* PBXTargetDependency */ = {
			isa = PBXTargetDependency;
			target = 28FB2DDE35AB4F6A98D7D651 /* ZERO_CHECK */;
			targetProxy = 4C3DBDCDF1F54279B1508FA8 /* PBXContainerItemProxy */;
		};
/* End PBXTargetDependency section */

/* Begin XCBuildConfiguration section */
		035777649B134FD4A4C5230C /* Release */ = {
			isa = XCBuildConfiguration;
			buildSettings = {
				CODE_SIGN_IDENTITY = "iPhone Developer";
				COMBINE_HIDPI_IMAGES = YES;
				GCC_GENERATE_DEBUGGING_SYMBOLS = YES;
				GCC_INLINES_ARE_PRIVATE_EXTERN = NO;
				GCC_OPTIMIZATION_LEVEL = 0;
				GCC_PREPROCESSOR_DEFINITIONS = "'CMAKE_INTDIR=\"$(CONFIGURATION)$(EFFECTIVE_PLATFORM_NAME)\"'";
				GCC_SYMBOLS_PRIVATE_EXTERN = NO;
				HEADER_SEARCH_PATHS = (
					"/Users/T_O/pcl-superbuild/iOSWrapper/Xcode/../../build/CMakeExternals/Install/eigen",
					"/Users/T_O/pcl-superbuild/iOSWrapper/Xcode/../../build/CMakeExternals/Install/boost-ios-device/include",
					"/Users/T_O/pcl-superbuild/iOSWrapper/Xcode/../../build/CMakeExternals/Install/flann-ios-device/include",
					"/Users/T_O/pcl-superbuild/iOSWrapper/Xcode/../../build/CMakeExternals/Install/qhull-ios-device/include",
					"/Users/T_O/pcl-superbuild/iOSWrapper/Xcode/../../build/CMakeExternals/Install/pcl-ios-device/include/pcl-1.8",
				);
				INSTALL_PATH = "";
				OTHER_LDFLAGS = " ";
				OTHER_REZFLAGS = "";
				PRODUCT_NAME = ALL_BUILD;
				SDKROOT = iphoneos;
				SECTORDER_FLAGS = "";
				SYMROOT = "/Users/T_O/pcl-superbuild/iOSWrapper/Xcode";
				USE_HEADERMAP = NO;
				WARNING_CFLAGS = (
					"-Wmost",
					"-Wno-four-char-constants",
					"-Wno-unknown-pragmas",
					"$(inherited)",
				);
			};
			name = Release;
		};
		09731779FA8A47F280C74D94 /* Debug */ = {
			isa = XCBuildConfiguration;
			buildSettings = {
				COMBINE_HIDPI_IMAGES = YES;
				GCC_GENERATE_DEBUGGING_SYMBOLS = YES;
				GCC_INLINES_ARE_PRIVATE_EXTERN = NO;
				GCC_OPTIMIZATION_LEVEL = 0;
				GCC_PREPROCESSOR_DEFINITIONS = "'CMAKE_INTDIR=\"$(CONFIGURATION)$(EFFECTIVE_PLATFORM_NAME)\"'";
				GCC_SYMBOLS_PRIVATE_EXTERN = NO;
				HEADER_SEARCH_PATHS = (
					"/Users/T_O/pcl-superbuild/iOSWrapper/Xcode/../../build/CMakeExternals/Install/eigen",
					"/Users/T_O/pcl-superbuild/iOSWrapper/Xcode/../../build/CMakeExternals/Install/boost-ios-device/include",
					"/Users/T_O/pcl-superbuild/iOSWrapper/Xcode/../../build/CMakeExternals/Install/flann-ios-device/include",
					"/Users/T_O/pcl-superbuild/iOSWrapper/Xcode/../../build/CMakeExternals/Install/qhull-ios-device/include",
					"/Users/T_O/pcl-superbuild/iOSWrapper/Xcode/../../build/CMakeExternals/Install/pcl-ios-device/include/pcl-1.8",
				);
				INSTALL_PATH = "";
				OTHER_LDFLAGS = " ";
				OTHER_REZFLAGS = "";
				PRODUCT_NAME = ZERO_CHECK;
				SDKROOT = iphoneos;
				SECTORDER_FLAGS = "";
				SYMROOT = "/Users/T_O/pcl-superbuild/iOSWrapper/Xcode";
				USE_HEADERMAP = NO;
				WARNING_CFLAGS = (
					"-Wmost",
					"-Wno-four-char-constants",
					"-Wno-unknown-pragmas",
					"$(inherited)",
				);
			};
			name = Debug;
		};
		11856CC220DB4A88925D2294 /* Debug */ = {
			isa = XCBuildConfiguration;
			buildSettings = {
				ARCHS = "$(ARCHS_STANDARD)";
				SDKROOT = iphoneos11.2;
				SYMROOT = "/Users/T_O/pcl-superbuild/iOSWrapper/Xcode/build";
				TARGETED_DEVICE_FAMILY = "1,2";
			};
			name = Debug;
		};
		39219241E3B541248EDF01C9 /* MinSizeRel */ = {
			isa = XCBuildConfiguration;
			buildSettings = {
				ARCHS = "$(ARCHS_STANDARD)";
				SDKROOT = iphoneos11.2;
				SYMROOT = "/Users/T_O/pcl-superbuild/iOSWrapper/Xcode/build";
				TARGETED_DEVICE_FAMILY = "1,2";
			};
			name = MinSizeRel;
		};
		41A4E02ED7B1452BA910625D /* MinSizeRel */ = {
			isa = XCBuildConfiguration;
			buildSettings = {
				CODE_SIGN_IDENTITY = "iPhone Developer";
				COMBINE_HIDPI_IMAGES = YES;
				GCC_GENERATE_DEBUGGING_SYMBOLS = YES;
				GCC_INLINES_ARE_PRIVATE_EXTERN = NO;
				GCC_OPTIMIZATION_LEVEL = 0;
				GCC_PREPROCESSOR_DEFINITIONS = "'CMAKE_INTDIR=\"$(CONFIGURATION)$(EFFECTIVE_PLATFORM_NAME)\"'";
				GCC_SYMBOLS_PRIVATE_EXTERN = NO;
				HEADER_SEARCH_PATHS = (
					"/Users/T_O/pcl-superbuild/iOSWrapper/Xcode/../../build/CMakeExternals/Install/eigen",
					"/Users/T_O/pcl-superbuild/iOSWrapper/Xcode/../../build/CMakeExternals/Install/boost-ios-device/include",
					"/Users/T_O/pcl-superbuild/iOSWrapper/Xcode/../../build/CMakeExternals/Install/flann-ios-device/include",
					"/Users/T_O/pcl-superbuild/iOSWrapper/Xcode/../../build/CMakeExternals/Install/qhull-ios-device/include",
					"/Users/T_O/pcl-superbuild/iOSWrapper/Xcode/../../build/CMakeExternals/Install/pcl-ios-device/include/pcl-1.8",
				);
				INSTALL_PATH = "";
				OTHER_LDFLAGS = " ";
				OTHER_REZFLAGS = "";
				PRODUCT_NAME = ALL_BUILD;
				SDKROOT = iphoneos;
				SECTORDER_FLAGS = "";
				SYMROOT = "/Users/T_O/pcl-superbuild/iOSWrapper/Xcode";
				USE_HEADERMAP = NO;
				WARNING_CFLAGS = (
					"-Wmost",
					"-Wno-four-char-constants",
					"-Wno-unknown-pragmas",
					"$(inherited)",
				);
			};
			name = MinSizeRel;
		};
		4B74E233539142C79CEA1E24 /* RelWithDebInfo */ = {
			isa = XCBuildConfiguration;
			buildSettings = {
				CODE_SIGN_IDENTITY = "iPhone Developer";
				COMBINE_HIDPI_IMAGES = YES;
				GCC_GENERATE_DEBUGGING_SYMBOLS = YES;
				GCC_INLINES_ARE_PRIVATE_EXTERN = NO;
				GCC_OPTIMIZATION_LEVEL = 0;
				GCC_PREPROCESSOR_DEFINITIONS = "'CMAKE_INTDIR=\"$(CONFIGURATION)$(EFFECTIVE_PLATFORM_NAME)\"'";
				GCC_SYMBOLS_PRIVATE_EXTERN = NO;
				HEADER_SEARCH_PATHS = (
					"/Users/T_O/pcl-superbuild/iOSWrapper/Xcode/../../build/CMakeExternals/Install/eigen",
					"/Users/T_O/pcl-superbuild/iOSWrapper/Xcode/../../build/CMakeExternals/Install/boost-ios-device/include",
					"/Users/T_O/pcl-superbuild/iOSWrapper/Xcode/../../build/CMakeExternals/Install/flann-ios-device/include",
					"/Users/T_O/pcl-superbuild/iOSWrapper/Xcode/../../build/CMakeExternals/Install/qhull-ios-device/include",
					"/Users/T_O/pcl-superbuild/iOSWrapper/Xcode/../../build/CMakeExternals/Install/pcl-ios-device/include/pcl-1.8",
				);
				INSTALL_PATH = "";
				OTHER_LDFLAGS = " ";
				OTHER_REZFLAGS = "";
				PRODUCT_NAME = ALL_BUILD;
				SDKROOT = iphoneos;
				SECTORDER_FLAGS = "";
				SYMROOT = "/Users/T_O/pcl-superbuild/iOSWrapper/Xcode";
				USE_HEADERMAP = NO;
				WARNING_CFLAGS = (
					"-Wmost",
					"-Wno-four-char-constants",
					"-Wno-unknown-pragmas",
					"$(inherited)",
				);
			};
			name = RelWithDebInfo;
		};
		607A78949F1347CDBB7C2E66 /* Release */ = {
			isa = XCBuildConfiguration;
			buildSettings = {
				COMBINE_HIDPI_IMAGES = YES;
				GCC_GENERATE_DEBUGGING_SYMBOLS = YES;
				GCC_INLINES_ARE_PRIVATE_EXTERN = NO;
				GCC_OPTIMIZATION_LEVEL = 0;
				GCC_PREPROCESSOR_DEFINITIONS = "'CMAKE_INTDIR=\"$(CONFIGURATION)$(EFFECTIVE_PLATFORM_NAME)\"'";
				GCC_SYMBOLS_PRIVATE_EXTERN = NO;
				HEADER_SEARCH_PATHS = (
					"/Users/T_O/pcl-superbuild/iOSWrapper/Xcode/../../build/CMakeExternals/Install/eigen",
					"/Users/T_O/pcl-superbuild/iOSWrapper/Xcode/../../build/CMakeExternals/Install/boost-ios-device/include",
					"/Users/T_O/pcl-superbuild/iOSWrapper/Xcode/../../build/CMakeExternals/Install/flann-ios-device/include",
					"/Users/T_O/pcl-superbuild/iOSWrapper/Xcode/../../build/CMakeExternals/Install/qhull-ios-device/include",
					"/Users/T_O/pcl-superbuild/iOSWrapper/Xcode/../../build/CMakeExternals/Install/pcl-ios-device/include/pcl-1.8",
				);
				INSTALL_PATH = "";
				OTHER_LDFLAGS = " ";
				OTHER_REZFLAGS = "";
				PRODUCT_NAME = ZERO_CHECK;
				SDKROOT = iphoneos;
				SECTORDER_FLAGS = "";
				SYMROOT = "/Users/T_O/pcl-superbuild/iOSWrapper/Xcode";
				USE_HEADERMAP = NO;
				WARNING_CFLAGS = (
					"-Wmost",
					"-Wno-four-char-constants",
					"-Wno-unknown-pragmas",
					"$(inherited)",
				);
			};
			name = Release;
		};
		8CEFA0A4CB004034A05ABD0B /* RelWithDebInfo */ = {
			isa = XCBuildConfiguration;
			buildSettings = {
				ARCHS = "$(ARCHS_STANDARD)";
				SDKROOT = iphoneos11.2;
				SYMROOT = "/Users/T_O/pcl-superbuild/iOSWrapper/Xcode/build";
				TARGETED_DEVICE_FAMILY = "1,2";
			};
			name = RelWithDebInfo;
		};
		9EC545F33D1A445589169CBB /* Debug */ = {
			isa = XCBuildConfiguration;
			buildSettings = {
				CODE_SIGN_IDENTITY = "iPhone Developer";
				COMBINE_HIDPI_IMAGES = YES;
				GCC_GENERATE_DEBUGGING_SYMBOLS = YES;
				GCC_INLINES_ARE_PRIVATE_EXTERN = NO;
				GCC_OPTIMIZATION_LEVEL = 0;
				GCC_PREPROCESSOR_DEFINITIONS = "'CMAKE_INTDIR=\"$(CONFIGURATION)$(EFFECTIVE_PLATFORM_NAME)\"'";
				GCC_SYMBOLS_PRIVATE_EXTERN = NO;
				HEADER_SEARCH_PATHS = (
					"/Users/T_O/pcl-superbuild/iOSWrapper/Xcode/../../build/CMakeExternals/Install/eigen",
					"/Users/T_O/pcl-superbuild/iOSWrapper/Xcode/../../build/CMakeExternals/Install/boost-ios-device/include",
					"/Users/T_O/pcl-superbuild/iOSWrapper/Xcode/../../build/CMakeExternals/Install/flann-ios-device/include",
					"/Users/T_O/pcl-superbuild/iOSWrapper/Xcode/../../build/CMakeExternals/Install/qhull-ios-device/include",
					"/Users/T_O/pcl-superbuild/iOSWrapper/Xcode/../../build/CMakeExternals/Install/pcl-ios-device/include/pcl-1.8",
				);
				INSTALL_PATH = "";
				OTHER_LDFLAGS = " ";
				OTHER_REZFLAGS = "";
				PRODUCT_NAME = ALL_BUILD;
				SDKROOT = iphoneos;
				SECTORDER_FLAGS = "";
				SYMROOT = "/Users/T_O/pcl-superbuild/iOSWrapper/Xcode";
				USE_HEADERMAP = NO;
				WARNING_CFLAGS = (
					"-Wmost",
					"-Wno-four-char-constants",
					"-Wno-unknown-pragmas",
					"$(inherited)",
				);
			};
			name = Debug;
		};
		9F781AF41B49435791F861DB /* MinSizeRel */ = {
			isa = XCBuildConfiguration;
			buildSettings = {
				COMBINE_HIDPI_IMAGES = YES;
				GCC_GENERATE_DEBUGGING_SYMBOLS = YES;
				GCC_INLINES_ARE_PRIVATE_EXTERN = NO;
				GCC_OPTIMIZATION_LEVEL = 0;
				GCC_PREPROCESSOR_DEFINITIONS = "'CMAKE_INTDIR=\"$(CONFIGURATION)$(EFFECTIVE_PLATFORM_NAME)\"'";
				GCC_SYMBOLS_PRIVATE_EXTERN = NO;
				HEADER_SEARCH_PATHS = (
					"/Users/T_O/pcl-superbuild/iOSWrapper/Xcode/../../build/CMakeExternals/Install/eigen",
					"/Users/T_O/pcl-superbuild/iOSWrapper/Xcode/../../build/CMakeExternals/Install/boost-ios-device/include",
					"/Users/T_O/pcl-superbuild/iOSWrapper/Xcode/../../build/CMakeExternals/Install/flann-ios-device/include",
					"/Users/T_O/pcl-superbuild/iOSWrapper/Xcode/../../build/CMakeExternals/Install/qhull-ios-device/include",
					"/Users/T_O/pcl-superbuild/iOSWrapper/Xcode/../../build/CMakeExternals/Install/pcl-ios-device/include/pcl-1.8",
				);
				INSTALL_PATH = "";
				OTHER_LDFLAGS = " ";
				OTHER_REZFLAGS = "";
				PRODUCT_NAME = ZERO_CHECK;
				SDKROOT = iphoneos;
				SECTORDER_FLAGS = "";
				SYMROOT = "/Users/T_O/pcl-superbuild/iOSWrapper/Xcode";
				USE_HEADERMAP = NO;
				WARNING_CFLAGS = (
					"-Wmost",
					"-Wno-four-char-constants",
					"-Wno-unknown-pragmas",
					"$(inherited)",
				);
			};
			name = MinSizeRel;
		};
		B2E81B8F959644A193016D1A /* Release */ = {
			isa = XCBuildConfiguration;
			buildSettings = {
				ARCHS = "$(ARCHS_STANDARD)";
				SDKROOT = iphoneos11.2;
				SYMROOT = "/Users/T_O/pcl-superbuild/iOSWrapper/Xcode/build";
				TARGETED_DEVICE_FAMILY = "1,2";
			};
			name = Release;
		};
		B60D89FDE14143038FA08CA9 /* Release */ = {
			isa = XCBuildConfiguration;
			buildSettings = {
				ARCHS = "$(ARCHS_STANDARD)";
				CODE_SIGN_IDENTITY = "iPhone Developer";
				"CODE_SIGN_IDENTITY[sdk=iphoneos*]" = "iPhone Developer";
				COMBINE_HIDPI_IMAGES = YES;
				DEVELOPMENT_TEAM = 78DZ8RW2TV;
				DYLIB_COMPATIBILITY_VERSION = "";
				DYLIB_CURRENT_VERSION = "";
				EXECUTABLE_PREFIX = "";
				EXECUTABLE_SUFFIX = "";
				FRAMEWORK_VERSION = A;
				GCC_GENERATE_DEBUGGING_SYMBOLS = NO;
				GCC_INLINES_ARE_PRIVATE_EXTERN = NO;
				GCC_OPTIMIZATION_LEVEL = 0;
				GCC_PREPROCESSOR_DEFINITIONS = (
					"'CMAKE_INTDIR=\"$(CONFIGURATION)$(EFFECTIVE_PLATFORM_NAME)\"'",
					pcl_EXPORTS,
				);
				GCC_SYMBOLS_PRIVATE_EXTERN = NO;
				HEADER_SEARCH_PATHS = (
					"/Users/T_O/pcl-superbuild/iOSWrapper/Xcode/../../build/CMakeExternals/Install/eigen",
					"/Users/T_O/pcl-superbuild/iOSWrapper/Xcode/../../build/CMakeExternals/Install/boost-ios-device/include",
					"/Users/T_O/pcl-superbuild/iOSWrapper/Xcode/../../build/CMakeExternals/Install/flann-ios-device/include",
					"/Users/T_O/pcl-superbuild/iOSWrapper/Xcode/../../build/CMakeExternals/Install/qhull-ios-device/include",
					"/Users/T_O/pcl-superbuild/iOSWrapper/Xcode/../../build/CMakeExternals/Install/pcl-ios-device/include/pcl-1.8",
				);
				INFOPLIST_FILE = "/Users/T_O/pcl-superbuild/iOSWrapper/Xcode/CMakeFiles/pcl.dir/Info.plist";
				INSTALL_PATH = "/Users/T_O/pcl-superbuild/iOSWrapper/Xcode/Release${EFFECTIVE_PLATFORM_NAME}";
				LIBRARY_SEARCH_PATHS = "";
				LIBRARY_STYLE = DYNAMIC;
				ONLY_ACTIVE_ARCH = NO;
				OTHER_CFLAGS = (
					"-fvisibility=hidden",
					"-fvisibility-inlines-hidden",
				);
				OTHER_CPLUSPLUSFLAGS = (
					"-fvisibility=hidden",
					"-fvisibility-inlines-hidden",
					"-isysroot",
					/Applications/Xcode.app/Contents/Developer/Platforms/iPhoneOS.platform/Developer/SDKs/iPhoneOS11.2.sdk,
					"-fPIC",
					"-fvisibility=hidden",
					"-fvisibility-inlines-hidden",
				);
				OTHER_LDFLAGS = "-Wall  ";
				OTHER_REZFLAGS = "";
				PRODUCT_NAME = pcl;
				SDKROOT = iphoneos;
				SECTORDER_FLAGS = "";
				SKIP_INSTALL = YES;
				SYMROOT = "/Users/T_O/pcl-superbuild/iOSWrapper/Xcode";
				USE_HEADERMAP = NO;
				WARNING_CFLAGS = (
					"-Wmost",
					"-Wno-four-char-constants",
					"-Wno-unknown-pragmas",
					"$(inherited)",
				);
			};
			name = Release;
		};
		D69E9D42C6F34F078432EF39 /* Debug */ = {
			isa = XCBuildConfiguration;
			buildSettings = {
				ARCHS = "$(ARCHS_STANDARD)";
				CODE_SIGN_IDENTITY = "iPhone Developer";
				"CODE_SIGN_IDENTITY[sdk=iphoneos*]" = "iPhone Developer";
				COMBINE_HIDPI_IMAGES = YES;
				DEVELOPMENT_TEAM = 78DZ8RW2TV;
				DYLIB_COMPATIBILITY_VERSION = "";
				DYLIB_CURRENT_VERSION = "";
				EXECUTABLE_PREFIX = "";
				EXECUTABLE_SUFFIX = "";
				FRAMEWORK_VERSION = A;
				GCC_GENERATE_DEBUGGING_SYMBOLS = NO;
				GCC_INLINES_ARE_PRIVATE_EXTERN = NO;
				GCC_OPTIMIZATION_LEVEL = 0;
				GCC_PREPROCESSOR_DEFINITIONS = (
					"'CMAKE_INTDIR=\"$(CONFIGURATION)$(EFFECTIVE_PLATFORM_NAME)\"'",
					pcl_EXPORTS,
				);
				GCC_SYMBOLS_PRIVATE_EXTERN = NO;
				HEADER_SEARCH_PATHS = (
					"/Users/T_O/pcl-superbuild/iOSWrapper/Xcode/../../build/CMakeExternals/Install/eigen",
					"/Users/T_O/pcl-superbuild/iOSWrapper/Xcode/../../build/CMakeExternals/Install/boost-ios-device/include",
					"/Users/T_O/pcl-superbuild/iOSWrapper/Xcode/../../build/CMakeExternals/Install/flann-ios-device/include",
					"/Users/T_O/pcl-superbuild/iOSWrapper/Xcode/../../build/CMakeExternals/Install/qhull-ios-device/include",
					"/Users/T_O/pcl-superbuild/iOSWrapper/Xcode/../../build/CMakeExternals/Install/pcl-ios-device/include/pcl-1.8",
				);
				INFOPLIST_FILE = "/Users/T_O/pcl-superbuild/iOSWrapper/Xcode/CMakeFiles/pcl.dir/Info.plist";
				INSTALL_PATH = "/Users/T_O/pcl-superbuild/iOSWrapper/Xcode/Debug${EFFECTIVE_PLATFORM_NAME}";
				LIBRARY_SEARCH_PATHS = "";
				LIBRARY_STYLE = DYNAMIC;
				ONLY_ACTIVE_ARCH = NO;
				OTHER_CFLAGS = (
					"-fvisibility=hidden",
					"-fvisibility-inlines-hidden",
				);
				OTHER_CPLUSPLUSFLAGS = (
					"-fvisibility=hidden",
					"-fvisibility-inlines-hidden",
					"-isysroot",
					/Applications/Xcode.app/Contents/Developer/Platforms/iPhoneOS.platform/Developer/SDKs/iPhoneOS11.2.sdk,
					"-fPIC",
					"-fvisibility=hidden",
					"-fvisibility-inlines-hidden",
				);
				OTHER_LDFLAGS = "-Wall  ";
				OTHER_REZFLAGS = "";
				PRODUCT_NAME = pcl;
				SDKROOT = iphoneos;
				SECTORDER_FLAGS = "";
				SKIP_INSTALL = YES;
				SYMROOT = "/Users/T_O/pcl-superbuild/iOSWrapper/Xcode";
				USE_HEADERMAP = NO;
				WARNING_CFLAGS = (
					"-Wmost",
					"-Wno-four-char-constants",
					"-Wno-unknown-pragmas",
					"$(inherited)",
				);
			};
			name = Debug;
		};
		DF63719FF1824D618247EB33 /* MinSizeRel */ = {
			isa = XCBuildConfiguration;
			buildSettings = {
				ARCHS = "$(ARCHS_STANDARD)";
				CODE_SIGN_IDENTITY = "iPhone Developer";
				"CODE_SIGN_IDENTITY[sdk=iphoneos*]" = "iPhone Developer";
				COMBINE_HIDPI_IMAGES = YES;
				DEVELOPMENT_TEAM = 78DZ8RW2TV;
				DYLIB_COMPATIBILITY_VERSION = "";
				DYLIB_CURRENT_VERSION = "";
				EXECUTABLE_PREFIX = "";
				EXECUTABLE_SUFFIX = "";
				FRAMEWORK_VERSION = A;
				GCC_GENERATE_DEBUGGING_SYMBOLS = NO;
				GCC_INLINES_ARE_PRIVATE_EXTERN = NO;
				GCC_OPTIMIZATION_LEVEL = 0;
				GCC_PREPROCESSOR_DEFINITIONS = (
					"'CMAKE_INTDIR=\"$(CONFIGURATION)$(EFFECTIVE_PLATFORM_NAME)\"'",
					pcl_EXPORTS,
				);
				GCC_SYMBOLS_PRIVATE_EXTERN = NO;
				HEADER_SEARCH_PATHS = (
					"/Users/T_O/pcl-superbuild/iOSWrapper/Xcode/../../build/CMakeExternals/Install/eigen",
					"/Users/T_O/pcl-superbuild/iOSWrapper/Xcode/../../build/CMakeExternals/Install/boost-ios-device/include",
					"/Users/T_O/pcl-superbuild/iOSWrapper/Xcode/../../build/CMakeExternals/Install/flann-ios-device/include",
					"/Users/T_O/pcl-superbuild/iOSWrapper/Xcode/../../build/CMakeExternals/Install/qhull-ios-device/include",
					"/Users/T_O/pcl-superbuild/iOSWrapper/Xcode/../../build/CMakeExternals/Install/pcl-ios-device/include/pcl-1.8",
				);
				INFOPLIST_FILE = "/Users/T_O/pcl-superbuild/iOSWrapper/Xcode/CMakeFiles/pcl.dir/Info.plist";
				INSTALL_PATH = "/Users/T_O/pcl-superbuild/iOSWrapper/Xcode/MinSizeRel${EFFECTIVE_PLATFORM_NAME}";
				LIBRARY_SEARCH_PATHS = "";
				LIBRARY_STYLE = DYNAMIC;
				ONLY_ACTIVE_ARCH = NO;
				OTHER_CFLAGS = (
					"-fvisibility=hidden",
					"-fvisibility-inlines-hidden",
				);
				OTHER_CPLUSPLUSFLAGS = (
					"-fvisibility=hidden",
					"-fvisibility-inlines-hidden",
					"-isysroot",
					/Applications/Xcode.app/Contents/Developer/Platforms/iPhoneOS.platform/Developer/SDKs/iPhoneOS11.2.sdk,
					"-fPIC",
					"-fvisibility=hidden",
					"-fvisibility-inlines-hidden",
				);
				OTHER_LDFLAGS = "-Wall  ";
				OTHER_REZFLAGS = "";
				PRODUCT_NAME = pcl;
				SDKROOT = iphoneos;
				SECTORDER_FLAGS = "";
				SKIP_INSTALL = YES;
				SYMROOT = "/Users/T_O/pcl-superbuild/iOSWrapper/Xcode";
				USE_HEADERMAP = NO;
				WARNING_CFLAGS = (
					"-Wmost",
					"-Wno-four-char-constants",
					"-Wno-unknown-pragmas",
					"$(inherited)",
				);
			};
			name = MinSizeRel;
		};
		F108A99E686A4F5DB6CDBF12 /* RelWithDebInfo */ = {
			isa = XCBuildConfiguration;
			buildSettings = {
				ARCHS = "$(ARCHS_STANDARD)";
				CODE_SIGN_IDENTITY = "iPhone Developer";
				COMBINE_HIDPI_IMAGES = YES;
				DYLIB_COMPATIBILITY_VERSION = "";
				DYLIB_CURRENT_VERSION = "";
				EXECUTABLE_PREFIX = "";
				EXECUTABLE_SUFFIX = "";
				FRAMEWORK_VERSION = A;
				GCC_GENERATE_DEBUGGING_SYMBOLS = NO;
				GCC_INLINES_ARE_PRIVATE_EXTERN = NO;
				GCC_OPTIMIZATION_LEVEL = 0;
				GCC_PREPROCESSOR_DEFINITIONS = (
					"'CMAKE_INTDIR=\"$(CONFIGURATION)$(EFFECTIVE_PLATFORM_NAME)\"'",
					pcl_EXPORTS,
				);
				GCC_SYMBOLS_PRIVATE_EXTERN = NO;
				HEADER_SEARCH_PATHS = (
					"/Users/T_O/pcl-superbuild/iOSWrapper/Xcode/../../build/CMakeExternals/Install/eigen",
					"/Users/T_O/pcl-superbuild/iOSWrapper/Xcode/../../build/CMakeExternals/Install/boost-ios-device/include",
					"/Users/T_O/pcl-superbuild/iOSWrapper/Xcode/../../build/CMakeExternals/Install/flann-ios-device/include",
					"/Users/T_O/pcl-superbuild/iOSWrapper/Xcode/../../build/CMakeExternals/Install/qhull-ios-device/include",
					"/Users/T_O/pcl-superbuild/iOSWrapper/Xcode/../../build/CMakeExternals/Install/pcl-ios-device/include/pcl-1.8",
				);
				INFOPLIST_FILE = "/Users/T_O/pcl-superbuild/iOSWrapper/Xcode/CMakeFiles/pcl.dir/Info.plist";
				INSTALL_PATH = "/Users/T_O/pcl-superbuild/iOSWrapper/Xcode/RelWithDebInfo${EFFECTIVE_PLATFORM_NAME}";
				LIBRARY_SEARCH_PATHS = "";
				LIBRARY_STYLE = DYNAMIC;
				ONLY_ACTIVE_ARCH = NO;
				OTHER_CFLAGS = (
					"-fvisibility=hidden",
					"-fvisibility-inlines-hidden",
				);
				OTHER_CPLUSPLUSFLAGS = (
					"-fvisibility=hidden",
					"-fvisibility-inlines-hidden",
					"-isysroot",
					/Applications/Xcode.app/Contents/Developer/Platforms/iPhoneOS.platform/Developer/SDKs/iPhoneOS11.2.sdk,
					"-fPIC",
					"-fvisibility=hidden",
					"-fvisibility-inlines-hidden",
				);
				OTHER_LDFLAGS = "-Wall  ";
				OTHER_REZFLAGS = "";
				PRODUCT_NAME = pcl;
				SDKROOT = iphoneos;
				SECTORDER_FLAGS = "";
				SKIP_INSTALL = YES;
				SYMROOT = "/Users/T_O/pcl-superbuild/iOSWrapper/Xcode";
				USE_HEADERMAP = NO;
				WARNING_CFLAGS = (
					"-Wmost",
					"-Wno-four-char-constants",
					"-Wno-unknown-pragmas",
					"$(inherited)",
				);
			};
			name = RelWithDebInfo;
		};
		F8D44D3A08684101A126A617 /* RelWithDebInfo */ = {
			isa = XCBuildConfiguration;
			buildSettings = {
				COMBINE_HIDPI_IMAGES = YES;
				GCC_GENERATE_DEBUGGING_SYMBOLS = YES;
				GCC_INLINES_ARE_PRIVATE_EXTERN = NO;
				GCC_OPTIMIZATION_LEVEL = 0;
				GCC_PREPROCESSOR_DEFINITIONS = "'CMAKE_INTDIR=\"$(CONFIGURATION)$(EFFECTIVE_PLATFORM_NAME)\"'";
				GCC_SYMBOLS_PRIVATE_EXTERN = NO;
				HEADER_SEARCH_PATHS = (
					"/Users/T_O/pcl-superbuild/iOSWrapper/Xcode/../../build/CMakeExternals/Install/eigen",
					"/Users/T_O/pcl-superbuild/iOSWrapper/Xcode/../../build/CMakeExternals/Install/boost-ios-device/include",
					"/Users/T_O/pcl-superbuild/iOSWrapper/Xcode/../../build/CMakeExternals/Install/flann-ios-device/include",
					"/Users/T_O/pcl-superbuild/iOSWrapper/Xcode/../../build/CMakeExternals/Install/qhull-ios-device/include",
					"/Users/T_O/pcl-superbuild/iOSWrapper/Xcode/../../build/CMakeExternals/Install/pcl-ios-device/include/pcl-1.8",
				);
				INSTALL_PATH = "";
				OTHER_LDFLAGS = " ";
				OTHER_REZFLAGS = "";
				PRODUCT_NAME = ZERO_CHECK;
				SDKROOT = iphoneos;
				SECTORDER_FLAGS = "";
				SYMROOT = "/Users/T_O/pcl-superbuild/iOSWrapper/Xcode";
				USE_HEADERMAP = NO;
				WARNING_CFLAGS = (
					"-Wmost",
					"-Wno-four-char-constants",
					"-Wno-unknown-pragmas",
					"$(inherited)",
				);
			};
			name = RelWithDebInfo;
		};
/* End XCBuildConfiguration section */

/* Begin XCConfigurationList section */
		65EC2F673CA842E58EFA4722 /* Build configuration list for PBXAggregateTarget "ALL_BUILD" */ = {
			isa = XCConfigurationList;
			buildConfigurations = (
				9EC545F33D1A445589169CBB /* Debug */,
				035777649B134FD4A4C5230C /* Release */,
				41A4E02ED7B1452BA910625D /* MinSizeRel */,
				4B74E233539142C79CEA1E24 /* RelWithDebInfo */,
			);
			defaultConfigurationIsVisible = 0;
			defaultConfigurationName = Debug;
		};
		A51D572C644C46F595E72521 /* Build configuration list for PBXNativeTarget "pcl" */ = {
			isa = XCConfigurationList;
			buildConfigurations = (
				D69E9D42C6F34F078432EF39 /* Debug */,
				B60D89FDE14143038FA08CA9 /* Release */,
				DF63719FF1824D618247EB33 /* MinSizeRel */,
				F108A99E686A4F5DB6CDBF12 /* RelWithDebInfo */,
			);
			defaultConfigurationIsVisible = 0;
			defaultConfigurationName = Debug;
		};
		D96061F9CB3E488EBBCE8D92 /* Build configuration list for PBXProject "Project" */ = {
			isa = XCConfigurationList;
			buildConfigurations = (
				11856CC220DB4A88925D2294 /* Debug */,
				B2E81B8F959644A193016D1A /* Release */,
				39219241E3B541248EDF01C9 /* MinSizeRel */,
				8CEFA0A4CB004034A05ABD0B /* RelWithDebInfo */,
			);
			defaultConfigurationIsVisible = 0;
			defaultConfigurationName = Debug;
		};
		DB3773C50843422FBCA9D474 /* Build configuration list for PBXAggregateTarget "ZERO_CHECK" */ = {
			isa = XCConfigurationList;
			buildConfigurations = (
				09731779FA8A47F280C74D94 /* Debug */,
				607A78949F1347CDBB7C2E66 /* Release */,
				9F781AF41B49435791F861DB /* MinSizeRel */,
				F8D44D3A08684101A126A617 /* RelWithDebInfo */,
			);
			defaultConfigurationIsVisible = 0;
			defaultConfigurationName = Debug;
		};
/* End XCConfigurationList section */
	};
	rootObject = 4BB267EFFCE54716BD89A4DC /* Project object */;
}
