// !$*UTF8*$!
{
	archiveVersion = 1;
	classes = {
	};
	objectVersion = 46;
	objects = {

/* Begin PBXBuildFile section */
		9A3421DAD0E5455C8172D570 /* PointCloudLibraryWrapper.cpp in Sources */ = {isa = PBXBuildFile; fileRef = 1E7923692DCD4FF9BD5FDC55 /* PointCloudLibraryWrapper.cpp */; };
		B33C8252E83441B188315AA3 /* PointCloudLibraryWrapper.hh in Headers */ = {isa = PBXBuildFile; fileRef = E88295E78C0F42E9BD993A9E /* PointCloudLibraryWrapper.hh */; settings = {ATTRIBUTES = (Public, ); }; };
/* End PBXBuildFile section */

/* Begin PBXFileReference section */
		1E7923692DCD4FF9BD5FDC55 /* PointCloudLibraryWrapper.cpp */ = {isa = PBXFileReference; explicitFileType = sourcecode.cpp.cpp; fileEncoding = 4; path = PointCloudLibraryWrapper.cpp; sourceTree = SOURCE_ROOT; };
		A03B9738534D47C9A1BC14E4 /* pcl.framework */ = {isa = PBXFileReference; explicitFileType = wrapper.framework; path = pcl.framework; sourceTree = BUILT_PRODUCTS_DIR; };
		C888A64E2012F52B00A71537 /* boost */ = {isa = PBXFileReference; lastKnownFileType = folder; name = boost; path = "../build/CMakeExternals/Install/boost-ios-device/include/boost"; sourceTree = "<group>"; };
		C888A64F2012F53900A71537 /* unsupported */ = {isa = PBXFileReference; lastKnownFileType = folder; name = unsupported; path = ../build/CMakeExternals/Install/eigen/unsupported; sourceTree = "<group>"; };
		C888A6502012F53900A71537 /* Eigen */ = {isa = PBXFileReference; lastKnownFileType = folder; name = Eigen; path = ../build/CMakeExternals/Install/eigen/Eigen; sourceTree = "<group>"; };
		C888A6512012F54B00A71537 /* pcl-1.8 */ = {isa = PBXFileReference; lastKnownFileType = folder; name = "pcl-1.8"; path = "../build/CMakeExternals/Install/pcl-ios-device/include/pcl-1.8"; sourceTree = "<group>"; };
		C888A6642012F58A00A71537 /* flann */ = {isa = PBXFileReference; lastKnownFileType = folder; name = flann; path = "../build/CMakeExternals/Install/flann-ios-device/include/flann"; sourceTree = "<group>"; };
		DDE84FCA232D440898E5F807 /* CMakeLists.txt */ = {isa = PBXFileReference; explicitFileType = sourcecode.text; fileEncoding = 4; lastKnownFileType = text; path = CMakeLists.txt; sourceTree = SOURCE_ROOT; };
		E88295E78C0F42E9BD993A9E /* PointCloudLibraryWrapper.hh */ = {isa = PBXFileReference; explicitFileType = sourcecode.cpp.h; fileEncoding = 4; path = PointCloudLibraryWrapper.hh; sourceTree = SOURCE_ROOT; };
/* End PBXFileReference section */

/* Begin PBXGroup section */
		4CB9C8EA026542EA9E65D717 /* pcl */ = {
			isa = PBXGroup;
			children = (
				EAF918B1546546EA8B738254 /* Header Files */,
				9EBD24CFA5EA4C9BA5D77D4A /* Source Files */,
				DDE84FCA232D440898E5F807 /* CMakeLists.txt */,
			);
			name = pcl;
			sourceTree = "<group>";
		};
		9EBD24CFA5EA4C9BA5D77D4A /* Source Files */ = {
			isa = PBXGroup;
			children = (
				1E7923692DCD4FF9BD5FDC55 /* PointCloudLibraryWrapper.cpp */,
			);
			name = "Source Files";
			sourceTree = "<group>";
		};
		C932326803C54D7C98C4C702 = {
			isa = PBXGroup;
			children = (
				4CB9C8EA026542EA9E65D717 /* pcl */,
				FE3D32EBD70E411B903250D0 /* Products */,
			);
			sourceTree = "<group>";
		};
		EAF918B1546546EA8B738254 /* Header Files */ = {
			isa = PBXGroup;
			children = (
				C888A6642012F58A00A71537 /* flann */,
				C888A6512012F54B00A71537 /* pcl-1.8 */,
				C888A6502012F53900A71537 /* Eigen */,
				C888A64F2012F53900A71537 /* unsupported */,
				C888A64E2012F52B00A71537 /* boost */,
				E88295E78C0F42E9BD993A9E /* PointCloudLibraryWrapper.hh */,
			);
			name = "Header Files";
			sourceTree = "<group>";
		};
		FE3D32EBD70E411B903250D0 /* Products */ = {
			isa = PBXGroup;
			children = (
				A03B9738534D47C9A1BC14E4 /* pcl.framework */,
			);
			name = Products;
			sourceTree = "<group>";
		};
/* End PBXGroup section */

/* Begin PBXHeadersBuildPhase section */
		FA1C0A4F0C0D494FB53EC53A /* Headers */ = {
			isa = PBXHeadersBuildPhase;
			buildActionMask = 2147483647;
			files = (
				B33C8252E83441B188315AA3 /* PointCloudLibraryWrapper.hh in Headers */,
			);
			runOnlyForDeploymentPostprocessing = 0;
		};
/* End PBXHeadersBuildPhase section */

/* Begin PBXNativeTarget section */
		33BCC4270738459CB12C0DD5 /* pcl */ = {
			isa = PBXNativeTarget;
			buildConfigurationList = 43E1DAC1955945B5A3C9081E /* Build configuration list for PBXNativeTarget "pcl" */;
			buildPhases = (
				FA1C0A4F0C0D494FB53EC53A /* Headers */,
				7B2CEC6321354BD6A6D7773A /* Sources */,
			);
			buildRules = (
			);
			dependencies = (
			);
			name = pcl;
			productName = pcl;
			productReference = A03B9738534D47C9A1BC14E4 /* pcl.framework */;
			productType = "com.apple.product-type.framework";
		};
/* End PBXNativeTarget section */

/* Begin PBXProject section */
		D8CE73EC9EE341C2B93213AC /* Project object */ = {
			isa = PBXProject;
			attributes = {
				BuildIndependentTargetsInParallel = YES;
				LastUpgradeCheck = 0920;
				TargetAttributes = {
					33BCC4270738459CB12C0DD5 = {
						DevelopmentTeam = 78DZ8RW2TV;
					};
				};
			};
			buildConfigurationList = 3F358A441A5849F58330D6DA /* Build configuration list for PBXProject "Project" */;
			compatibilityVersion = "Xcode 3.2";
			developmentRegion = en;
			hasScannedForEncodings = 0;
			knownRegions = (
				en,
			);
			mainGroup = C932326803C54D7C98C4C702;
			projectDirPath = "";
			projectRoot = "";
			targets = (
				33BCC4270738459CB12C0DD5 /* pcl */,
			);
		};
/* End PBXProject section */

/* Begin PBXSourcesBuildPhase section */
		7B2CEC6321354BD6A6D7773A /* Sources */ = {
			isa = PBXSourcesBuildPhase;
			buildActionMask = 2147483647;
			files = (
				9A3421DAD0E5455C8172D570 /* PointCloudLibraryWrapper.cpp in Sources */,
			);
			runOnlyForDeploymentPostprocessing = 0;
		};
/* End PBXSourcesBuildPhase section */

/* Begin XCBuildConfiguration section */
		32324762B9BD42FEBEFE7441 /* RelWithDebInfo */ = {
			isa = XCBuildConfiguration;
			buildSettings = {
				CODE_SIGN_IDENTITY = "iPhone Developer";
				DEVELOPMENT_TEAM = 78DZ8RW2TV;
				IPHONEOS_DEPLOYMENT_TARGET = 8.0;
				ONLY_ACTIVE_ARCH = NO;
				SDKROOT = iphoneos11.2;
				SYMROOT = "/Users/T_O/pcl-superbuild/iOSWrapper/build";
			};
			name = RelWithDebInfo;
		};
		69F02AA569AE49089BB2CD4A /* Release */ = {
			isa = XCBuildConfiguration;
			buildSettings = {
				ALWAYS_EMBED_SWIFT_STANDARD_LIBRARIES = NO;
				CODE_SIGN_IDENTITY = "iPhone Developer";
				COMBINE_HIDPI_IMAGES = YES;
				DEVELOPMENT_TEAM = 78DZ8RW2TV;
				DYLIB_COMPATIBILITY_VERSION = 1.0.0;
				DYLIB_CURRENT_VERSION = 1.0.0;
				EXECUTABLE_PREFIX = "";
				EXECUTABLE_SUFFIX = "";
				FRAMEWORK_VERSION = A;
				GCC_GENERATE_DEBUGGING_SYMBOLS = NO;
				GCC_INLINES_ARE_PRIVATE_EXTERN = NO;
				GCC_OPTIMIZATION_LEVEL = 3;
				GCC_PREPROCESSOR_DEFINITIONS = (
					"'CMAKE_INTDIR=\"$(CONFIGURATION)$(EFFECTIVE_PLATFORM_NAME)\"'",
					pcl_EXPORTS,
				);
				GCC_SYMBOLS_PRIVATE_EXTERN = NO;
				HEADER_SEARCH_PATHS = (
					"/Users/T_O/pcl-superbuild/iOSWrapper/../build/CMakeExternals/Install/boost-ios-device/include",
					"/Users/T_O/pcl-superbuild/iOSWrapper/../build/CMakeExternals/Install/eigen",
					"/Users/T_O/pcl-superbuild/iOSWrapper/../build/CMakeExternals/Install/flann-ios-device/include",
					"/Users/T_O/pcl-superbuild/iOSWrapper/../build/CMakeExternals/Install/pcl-ios-device/include/pcl-1.8",
				);
				INFOPLIST_FILE = "/Users/T_O/pcl-superbuild/iOSWrapper/framework.plist";
				INSTALL_PATH = "@rpath";
				IPHONEOS_DEPLOYMENT_TARGET = 11.2;
				LIBRARY_SEARCH_PATHS = "";
				LIBRARY_STYLE = STATIC;
				MACH_O_TYPE = mh_dylib;
				OTHER_CFLAGS = (
					"-fvisibility=hidden",
					"-fvisibility-inlines-hidden",
				);
				OTHER_CPLUSPLUSFLAGS = (
					"-DNDEBUG",
					"-fPIC",
					"-fvisibility=hidden",
					"-fvisibility-inlines-hidden",
				);
				OTHER_LDFLAGS = "-Wall  ";
				OTHER_REZFLAGS = "";
				PRODUCT_NAME = pcl;
				SDKROOT = iphoneos11.2;
				SECTORDER_FLAGS = "";
				SKIP_INSTALL = YES;
				SYMROOT = "/Users/T_O/pcl-superbuild/iOSWrapper";
				TARGETED_DEVICE_FAMILY = "1,2";
				USE_HEADERMAP = NO;
				WARNING_CFLAGS = (
					"-Wmost",
					"-Wno-four-char-constants",
					"-Wno-unknown-pragmas",
					"$(inherited)",
				);
			};
			name = Release;
		};
		8A2C852F95684604ABEE5E7B /* MinSizeRel */ = {
			isa = XCBuildConfiguration;
			buildSettings = {
				ALWAYS_EMBED_SWIFT_STANDARD_LIBRARIES = NO;
				CODE_SIGN_IDENTITY = "iPhone Developer";
				COMBINE_HIDPI_IMAGES = YES;
				DEVELOPMENT_TEAM = 78DZ8RW2TV;
				DYLIB_COMPATIBILITY_VERSION = 1.0.0;
				DYLIB_CURRENT_VERSION = 1.0.0;
				EXECUTABLE_PREFIX = "";
				EXECUTABLE_SUFFIX = "";
				FRAMEWORK_VERSION = A;
				GCC_GENERATE_DEBUGGING_SYMBOLS = NO;
				GCC_INLINES_ARE_PRIVATE_EXTERN = NO;
				GCC_OPTIMIZATION_LEVEL = s;
				GCC_PREPROCESSOR_DEFINITIONS = (
					"'CMAKE_INTDIR=\"$(CONFIGURATION)$(EFFECTIVE_PLATFORM_NAME)\"'",
					pcl_EXPORTS,
				);
				GCC_SYMBOLS_PRIVATE_EXTERN = NO;
				HEADER_SEARCH_PATHS = (
					"/Users/T_O/pcl-superbuild/iOSWrapper/../build/CMakeExternals/Install/boost-ios-device/include",
					"/Users/T_O/pcl-superbuild/iOSWrapper/../build/CMakeExternals/Install/eigen",
					"/Users/T_O/pcl-superbuild/iOSWrapper/../build/CMakeExternals/Install/flann-ios-device/include",
					"/Users/T_O/pcl-superbuild/iOSWrapper/../build/CMakeExternals/Install/pcl-ios-device/include/pcl-1.8",
				);
				INFOPLIST_FILE = "/Users/T_O/pcl-superbuild/iOSWrapper/framework.plist";
				INSTALL_PATH = "@rpath";
				IPHONEOS_DEPLOYMENT_TARGET = 11.2;
				LIBRARY_SEARCH_PATHS = "";
				LIBRARY_STYLE = STATIC;
				MACH_O_TYPE = mh_dylib;
				OTHER_CFLAGS = (
					"-fvisibility=hidden",
					"-fvisibility-inlines-hidden",
				);
				OTHER_CPLUSPLUSFLAGS = (
					"-DNDEBUG",
					"-fPIC",
					"-fvisibility=hidden",
					"-fvisibility-inlines-hidden",
				);
				OTHER_LDFLAGS = "-Wall  ";
				OTHER_REZFLAGS = "";
				PRODUCT_NAME = pcl;
				SDKROOT = iphoneos11.2;
				SECTORDER_FLAGS = "";
				SKIP_INSTALL = YES;
				SYMROOT = "/Users/T_O/pcl-superbuild/iOSWrapper";
				TARGETED_DEVICE_FAMILY = "1,2";
				USE_HEADERMAP = NO;
				WARNING_CFLAGS = (
					"-Wmost",
					"-Wno-four-char-constants",
					"-Wno-unknown-pragmas",
					"$(inherited)",
				);
			};
			name = MinSizeRel;
		};
		933D5D32995142DD96E8B0F0 /* MinSizeRel */ = {
			isa = XCBuildConfiguration;
			buildSettings = {
				CODE_SIGN_IDENTITY = "iPhone Developer";
				DEVELOPMENT_TEAM = 78DZ8RW2TV;
				IPHONEOS_DEPLOYMENT_TARGET = 8.0;
				ONLY_ACTIVE_ARCH = NO;
				SDKROOT = iphoneos11.2;
				SYMROOT = "/Users/T_O/pcl-superbuild/iOSWrapper/build";
			};
			name = MinSizeRel;
		};
		A792EF664D4B45509FA47FB4 /* RelWithDebInfo */ = {
			isa = XCBuildConfiguration;
			buildSettings = {
				ALWAYS_EMBED_SWIFT_STANDARD_LIBRARIES = NO;
				CODE_SIGN_IDENTITY = "iPhone Developer";
				COMBINE_HIDPI_IMAGES = YES;
				DEVELOPMENT_TEAM = 78DZ8RW2TV;
				DYLIB_COMPATIBILITY_VERSION = 1.0.0;
				DYLIB_CURRENT_VERSION = 1.0.0;
				EXECUTABLE_PREFIX = "";
				EXECUTABLE_SUFFIX = "";
				FRAMEWORK_VERSION = A;
				GCC_GENERATE_DEBUGGING_SYMBOLS = YES;
				GCC_INLINES_ARE_PRIVATE_EXTERN = NO;
				GCC_OPTIMIZATION_LEVEL = 2;
				GCC_PREPROCESSOR_DEFINITIONS = (
					"'CMAKE_INTDIR=\"$(CONFIGURATION)$(EFFECTIVE_PLATFORM_NAME)\"'",
					pcl_EXPORTS,
				);
				GCC_SYMBOLS_PRIVATE_EXTERN = NO;
				HEADER_SEARCH_PATHS = (
					"/Users/T_O/pcl-superbuild/iOSWrapper/../build/CMakeExternals/Install/boost-ios-device/include",
					"/Users/T_O/pcl-superbuild/iOSWrapper/../build/CMakeExternals/Install/eigen",
					"/Users/T_O/pcl-superbuild/iOSWrapper/../build/CMakeExternals/Install/flann-ios-device/include",
					"/Users/T_O/pcl-superbuild/iOSWrapper/../build/CMakeExternals/Install/pcl-ios-device/include/pcl-1.8",
				);
				INFOPLIST_FILE = "/Users/T_O/pcl-superbuild/iOSWrapper/framework.plist";
				INSTALL_PATH = "@rpath";
				IPHONEOS_DEPLOYMENT_TARGET = 11.2;
				LIBRARY_SEARCH_PATHS = "";
				LIBRARY_STYLE = STATIC;
				MACH_O_TYPE = mh_dylib;
				OTHER_CFLAGS = (
					"-fvisibility=hidden",
					"-fvisibility-inlines-hidden",
				);
				OTHER_CPLUSPLUSFLAGS = (
					"-DNDEBUG",
					"-fPIC",
					"-fvisibility=hidden",
					"-fvisibility-inlines-hidden",
				);
				OTHER_LDFLAGS = "-Wall  ";
				OTHER_REZFLAGS = "";
				PRODUCT_NAME = pcl;
				SDKROOT = iphoneos11.2;
				SECTORDER_FLAGS = "";
				SKIP_INSTALL = YES;
				SYMROOT = "/Users/T_O/pcl-superbuild/iOSWrapper";
				TARGETED_DEVICE_FAMILY = "1,2";
				USE_HEADERMAP = NO;
				WARNING_CFLAGS = (
					"-Wmost",
					"-Wno-four-char-constants",
					"-Wno-unknown-pragmas",
					"$(inherited)",
				);
			};
			name = RelWithDebInfo;
		};
		B47CA370E443415EBD676880 /* Debug */ = {
			isa = XCBuildConfiguration;
			buildSettings = {
				ALWAYS_EMBED_SWIFT_STANDARD_LIBRARIES = NO;
				CODE_SIGN_IDENTITY = "iPhone Developer";
				COMBINE_HIDPI_IMAGES = YES;
				DEVELOPMENT_TEAM = 78DZ8RW2TV;
				DYLIB_COMPATIBILITY_VERSION = 1.0.0;
				DYLIB_CURRENT_VERSION = 1.0.0;
				EXECUTABLE_PREFIX = "";
				EXECUTABLE_SUFFIX = "";
				FRAMEWORK_VERSION = A;
				GCC_GENERATE_DEBUGGING_SYMBOLS = YES;
				GCC_INLINES_ARE_PRIVATE_EXTERN = NO;
				GCC_OPTIMIZATION_LEVEL = 0;
				GCC_PREPROCESSOR_DEFINITIONS = (
					"'CMAKE_INTDIR=\"$(CONFIGURATION)$(EFFECTIVE_PLATFORM_NAME)\"'",
					pcl_EXPORTS,
				);
				GCC_SYMBOLS_PRIVATE_EXTERN = NO;
				HEADER_SEARCH_PATHS = (
					"/Users/T_O/pcl-superbuild/iOSWrapper/../build/CMakeExternals/Install/boost-ios-device/include",
					"/Users/T_O/pcl-superbuild/iOSWrapper/../build/CMakeExternals/Install/eigen",
					"/Users/T_O/pcl-superbuild/iOSWrapper/../build/CMakeExternals/Install/flann-ios-device/include",
					"/Users/T_O/pcl-superbuild/iOSWrapper/../build/CMakeExternals/Install/pcl-ios-device/include/pcl-1.8",
				);
				INFOPLIST_FILE = "/Users/T_O/pcl-superbuild/iOSWrapper/framework.plist";
				INSTALL_PATH = "@rpath";
				IPHONEOS_DEPLOYMENT_TARGET = 11.2;
				LIBRARY_SEARCH_PATHS = "";
				LIBRARY_STYLE = STATIC;
				MACH_O_TYPE = mh_dylib;
				OTHER_CFLAGS = (
					"-fvisibility=hidden",
					"-fvisibility-inlines-hidden",
				);
				OTHER_CPLUSPLUSFLAGS = (
					"-fPIC",
					"-fvisibility=hidden",
					"-fvisibility-inlines-hidden",
				);
				OTHER_LDFLAGS = "-Wall  ";
				OTHER_REZFLAGS = "";
				PRODUCT_NAME = pcl;
				SDKROOT = iphoneos11.2;
				SECTORDER_FLAGS = "";
				SKIP_INSTALL = YES;
				SYMROOT = "/Users/T_O/pcl-superbuild/iOSWrapper";
				TARGETED_DEVICE_FAMILY = "1,2";
				USE_HEADERMAP = NO;
				WARNING_CFLAGS = (
					"-Wmost",
					"-Wno-four-char-constants",
					"-Wno-unknown-pragmas",
					"$(inherited)",
				);
			};
			name = Debug;
		};
		F4B4346C2B3D420A8B06590C /* Release */ = {
			isa = XCBuildConfiguration;
			buildSettings = {
				CODE_SIGN_IDENTITY = "iPhone Developer";
				DEVELOPMENT_TEAM = 78DZ8RW2TV;
				IPHONEOS_DEPLOYMENT_TARGET = 8.0;
				ONLY_ACTIVE_ARCH = NO;
				SDKROOT = iphoneos11.2;
				SYMROOT = "/Users/T_O/pcl-superbuild/iOSWrapper/build";
			};
			name = Release;
		};
		FD4A2CEDDEBD4CE39D31541F /* Debug */ = {
			isa = XCBuildConfiguration;
			buildSettings = {
				CODE_SIGN_IDENTITY = "iPhone Developer";
				DEVELOPMENT_TEAM = 78DZ8RW2TV;
				IPHONEOS_DEPLOYMENT_TARGET = 8.0;
				ONLY_ACTIVE_ARCH = NO;
				SDKROOT = iphoneos11.2;
				SYMROOT = "/Users/T_O/pcl-superbuild/iOSWrapper/build";
			};
			name = Debug;
		};
/* End XCBuildConfiguration section */

/* Begin XCConfigurationList section */
		3F358A441A5849F58330D6DA /* Build configuration list for PBXProject "Project" */ = {
			isa = XCConfigurationList;
			buildConfigurations = (
				FD4A2CEDDEBD4CE39D31541F /* Debug */,
				F4B4346C2B3D420A8B06590C /* Release */,
				933D5D32995142DD96E8B0F0 /* MinSizeRel */,
				32324762B9BD42FEBEFE7441 /* RelWithDebInfo */,
			);
			defaultConfigurationIsVisible = 0;
			defaultConfigurationName = Release;
		};
		43E1DAC1955945B5A3C9081E /* Build configuration list for PBXNativeTarget "pcl" */ = {
			isa = XCConfigurationList;
			buildConfigurations = (
				B47CA370E443415EBD676880 /* Debug */,
				69F02AA569AE49089BB2CD4A /* Release */,
				8A2C852F95684604ABEE5E7B /* MinSizeRel */,
				A792EF664D4B45509FA47FB4 /* RelWithDebInfo */,
			);
			defaultConfigurationIsVisible = 0;
			defaultConfigurationName = Release;
		};
/* End XCConfigurationList section */
	};
	rootObject = D8CE73EC9EE341C2B93213AC /* Project object */;
}
