// !$*UTF8*$!
{
	archiveVersion = 1;
	classes = {
	};
	objectVersion = 46;
	objects = {

/* Begin PBXAggregateTarget section */
		0DDDAE2F16C94EA88C77729F /* ALL_BUILD */ = {
			isa = PBXAggregateTarget;
			buildConfigurationList = D5E213FD97B34F0F82DD78D5 /* Build configuration list for PBXAggregateTarget "ALL_BUILD" */;
			buildPhases = (
				08884037F4AF4868A77D28FA /* CMake Rules */,
			);
			dependencies = (
				573606989F7C4054982CA2FC /* PBXTargetDependency */,
				8FE528F1396F43C4BE175BEC /* PBXTargetDependency */,
			);
			name = ALL_BUILD;
			productName = ALL_BUILD;
		};
		5A0BA516478D4767B9C53596 /* ZERO_CHECK */ = {
			isa = PBXAggregateTarget;
			buildConfigurationList = 78C969C8963E4EDD98365748 /* Build configuration list for PBXAggregateTarget "ZERO_CHECK" */;
			buildPhases = (
				2634F0B0D7504684AAB9C19D /* CMake Rules */,
			);
			dependencies = (
			);
			name = ZERO_CHECK;
			productName = ZERO_CHECK;
		};
/* End PBXAggregateTarget section */

/* Begin PBXBuildFile section */
		6D3204010D534D9CA2A4548A /* PointCloudLibraryWrapper.h in Headers */ = {isa = PBXBuildFile; fileRef = 564A414A60BC465F97B92CD3 /* PointCloudLibraryWrapper.h */; settings = {ATTRIBUTES = (Public, ); }; };
		A8C938A255EF4007AFD2BDFC /* PointCloudLibraryWrapper.cpp in Sources */ = {isa = PBXBuildFile; fileRef = 7E31E41E91284D50A84863E7 /* PointCloudLibraryWrapper.cpp */; };
		C8812C462028B0B20055FEBA /* PointCloudLibraryConversions.cxx in Sources */ = {isa = PBXBuildFile; fileRef = C8812C442028B0B20055FEBA /* PointCloudLibraryConversions.cxx */; };
		C8812C472028B0B20055FEBA /* PointCloudLibraryConversions.h in Headers */ = {isa = PBXBuildFile; fileRef = C8812C452028B0B20055FEBA /* PointCloudLibraryConversions.h */; };
/* End PBXBuildFile section */

/* Begin PBXContainerItemProxy section */
		1E0E1C2570E444EAB82265BB /* PBXContainerItemProxy */ = {
			isa = PBXContainerItemProxy;
			containerPortal = 3433FFCCCB71497D943DE3DA /* Project object */;
			proxyType = 1;
			remoteGlobalIDString = 5A0BA516478D4767B9C53596;
			remoteInfo = ZERO_CHECK;
		};
		22F00A86D1144517B6909756 /* PBXContainerItemProxy */ = {
			isa = PBXContainerItemProxy;
			containerPortal = 3433FFCCCB71497D943DE3DA /* Project object */;
			proxyType = 1;
			remoteGlobalIDString = 5A0BA516478D4767B9C53596;
			remoteInfo = ZERO_CHECK;
		};
		6A8355CBA88849289677DA5F /* PBXContainerItemProxy */ = {
			isa = PBXContainerItemProxy;
			containerPortal = 3433FFCCCB71497D943DE3DA /* Project object */;
			proxyType = 1;
			remoteGlobalIDString = 9DA4BBE7BD404AD1880F665B;
			remoteInfo = pcl;
		};
/* End PBXContainerItemProxy section */

/* Begin PBXFileReference section */
		18623A2B3FF54D1BB2467065 /* CMakeLists.txt */ = {isa = PBXFileReference; explicitFileType = sourcecode.text; fileEncoding = 4; lastKnownFileType = text; path = CMakeLists.txt; sourceTree = SOURCE_ROOT; };
		564A414A60BC465F97B92CD3 /* PointCloudLibraryWrapper.h */ = {isa = PBXFileReference; explicitFileType = sourcecode.cpp.h; fileEncoding = 4; path = PointCloudLibraryWrapper.h; sourceTree = SOURCE_ROOT; };
		6BB1BB946D364FBC8452A2CD /* CMakeLists.txt */ = {isa = PBXFileReference; explicitFileType = sourcecode.text; fileEncoding = 4; lastKnownFileType = text; path = CMakeLists.txt; sourceTree = SOURCE_ROOT; };
		7E31E41E91284D50A84863E7 /* PointCloudLibraryWrapper.cpp */ = {isa = PBXFileReference; explicitFileType = sourcecode.cpp.cpp; fileEncoding = 4; path = PointCloudLibraryWrapper.cpp; sourceTree = SOURCE_ROOT; };
		C8812C442028B0B20055FEBA /* PointCloudLibraryConversions.cxx */ = {isa = PBXFileReference; fileEncoding = 4; lastKnownFileType = sourcecode.cpp.cpp; path = PointCloudLibraryConversions.cxx; sourceTree = "<group>"; };
		C8812C452028B0B20055FEBA /* PointCloudLibraryConversions.h */ = {isa = PBXFileReference; fileEncoding = 4; lastKnownFileType = sourcecode.c.h; path = PointCloudLibraryConversions.h; sourceTree = "<group>"; };
		CBD0963A44DC4B329CD2150D /* CMakeLists.txt */ = {isa = PBXFileReference; explicitFileType = sourcecode.text; fileEncoding = 4; lastKnownFileType = text; path = CMakeLists.txt; sourceTree = SOURCE_ROOT; };
		FD18B5C2070A4F209F108106 /* pcl.framework/pcl */ = {isa = PBXFileReference; explicitFileType = wrapper.framework; name = pcl.framework/pcl; path = pcl.framework; sourceTree = BUILT_PRODUCTS_DIR; };
/* End PBXFileReference section */

/* Begin PBXGroup section */
		2B1EA7FB10E2476BA18DB424 /* Source Files */ = {
			isa = PBXGroup;
			children = (
				C8812C442028B0B20055FEBA /* PointCloudLibraryConversions.cxx */,
				7E31E41E91284D50A84863E7 /* PointCloudLibraryWrapper.cpp */,
			);
			name = "Source Files";
			sourceTree = "<group>";
		};
		41B9249EADF044DEAC90F12C /* Products */ = {
			isa = PBXGroup;
			children = (
				FD18B5C2070A4F209F108106 /* pcl.framework/pcl */,
			);
			name = Products;
			sourceTree = "<group>";
		};
		45A6D7F91DD34CE3BF88B462 = {
			isa = PBXGroup;
			children = (
				C28EF9CE2017474A80E58189 /* pcl */,
				8A3BC3CF52CA47BF9FEEBBF7 /* ALL_BUILD */,
				AA680D29458D47DC924F46EC /* ZERO_CHECK */,
				41B9249EADF044DEAC90F12C /* Products */,
			);
			sourceTree = "<group>";
		};
		7CB32BBF80A04A9B82ABF190 /* CMake Rules */ = {
			isa = PBXGroup;
			children = (
			);
			name = "CMake Rules";
			sourceTree = "<group>";
		};
		8A3BC3CF52CA47BF9FEEBBF7 /* ALL_BUILD */ = {
			isa = PBXGroup;
			children = (
				7CB32BBF80A04A9B82ABF190 /* CMake Rules */,
				18623A2B3FF54D1BB2467065 /* CMakeLists.txt */,
			);
			name = ALL_BUILD;
			sourceTree = "<group>";
		};
		AA680D29458D47DC924F46EC /* ZERO_CHECK */ = {
			isa = PBXGroup;
			children = (
				B8CF78B8038843649DBBC452 /* CMake Rules */,
				CBD0963A44DC4B329CD2150D /* CMakeLists.txt */,
			);
			name = ZERO_CHECK;
			sourceTree = "<group>";
		};
		B8CF78B8038843649DBBC452 /* CMake Rules */ = {
			isa = PBXGroup;
			children = (
			);
			name = "CMake Rules";
			sourceTree = "<group>";
		};
		C28EF9CE2017474A80E58189 /* pcl */ = {
			isa = PBXGroup;
			children = (
				DD61708F6BE84DF0AA2E12E9 /* Header Files */,
				2B1EA7FB10E2476BA18DB424 /* Source Files */,
				6BB1BB946D364FBC8452A2CD /* CMakeLists.txt */,
			);
			name = pcl;
			sourceTree = "<group>";
		};
		DD61708F6BE84DF0AA2E12E9 /* Header Files */ = {
			isa = PBXGroup;
			children = (
				C8812C452028B0B20055FEBA /* PointCloudLibraryConversions.h */,
				564A414A60BC465F97B92CD3 /* PointCloudLibraryWrapper.h */,
			);
			name = "Header Files";
			sourceTree = "<group>";
		};
/* End PBXGroup section */

/* Begin PBXHeadersBuildPhase section */
		1262E72E3C4E452C9D6224D3 /* Headers */ = {
			isa = PBXHeadersBuildPhase;
			buildActionMask = 2147483647;
			files = (
				6D3204010D534D9CA2A4548A /* PointCloudLibraryWrapper.h in Headers */,
				C8812C472028B0B20055FEBA /* PointCloudLibraryConversions.h in Headers */,
			);
			runOnlyForDeploymentPostprocessing = 0;
		};
/* End PBXHeadersBuildPhase section */

/* Begin PBXNativeTarget section */
		9DA4BBE7BD404AD1880F665B /* pcl */ = {
			isa = PBXNativeTarget;
			buildConfigurationList = 7A7AB392C7484D66B8458852 /* Build configuration list for PBXNativeTarget "pcl" */;
			buildPhases = (
				1262E72E3C4E452C9D6224D3 /* Headers */,
				D08EEB8F04B0404C8F2020F3 /* Sources */,
			);
			buildRules = (
			);
			dependencies = (
				924CCD22B32A40009A08355D /* PBXTargetDependency */,
			);
			name = pcl;
			productName = pcl;
			productReference = FD18B5C2070A4F209F108106 /* pcl.framework/pcl */;
			productType = "com.apple.product-type.framework";
		};
/* End PBXNativeTarget section */

/* Begin PBXProject section */
		3433FFCCCB71497D943DE3DA /* Project object */ = {
			isa = PBXProject;
			attributes = {
				BuildIndependentTargetsInParallel = YES;
				LastUpgradeCheck = 0920;
			};
			buildConfigurationList = 24E449238A6C4974A8BB8EFF /* Build configuration list for PBXProject "Project" */;
			compatibilityVersion = "Xcode 3.2";
			developmentRegion = en;
			hasScannedForEncodings = 0;
			knownRegions = (
				en,
			);
			mainGroup = 45A6D7F91DD34CE3BF88B462;
			projectDirPath = ../;
			projectRoot = "";
			targets = (
				0DDDAE2F16C94EA88C77729F /* ALL_BUILD */,
				5A0BA516478D4767B9C53596 /* ZERO_CHECK */,
				9DA4BBE7BD404AD1880F665B /* pcl */,
			);
		};
/* End PBXProject section */

/* Begin PBXShellScriptBuildPhase section */
		08884037F4AF4868A77D28FA /* CMake Rules */ = {
			isa = PBXShellScriptBuildPhase;
			buildActionMask = 2147483647;
			files = (
			);
			name = "CMake Rules";
			runOnlyForDeploymentPostprocessing = 0;
			shellPath = /bin/sh;
			shellScript = "make -C /Users/T_O/pcl-superbuild/iOSWrapper/build.ios -f /Users/T_O/pcl-superbuild/iOSWrapper/build.ios/CMakeScripts/ALL_BUILD_cmakeRulesBuildPhase.make$CONFIGURATION all";
			showEnvVarsInLog = 0;
		};
		2634F0B0D7504684AAB9C19D /* CMake Rules */ = {
			isa = PBXShellScriptBuildPhase;
			buildActionMask = 2147483647;
			files = (
			);
			name = "CMake Rules";
			runOnlyForDeploymentPostprocessing = 0;
			shellPath = /bin/sh;
			shellScript = "make -C /Users/T_O/pcl-superbuild/iOSWrapper/build.ios -f /Users/T_O/pcl-superbuild/iOSWrapper/build.ios/CMakeScripts/ZERO_CHECK_cmakeRulesBuildPhase.make$CONFIGURATION all";
			showEnvVarsInLog = 0;
		};
/* End PBXShellScriptBuildPhase section */

/* Begin PBXSourcesBuildPhase section */
		D08EEB8F04B0404C8F2020F3 /* Sources */ = {
			isa = PBXSourcesBuildPhase;
			buildActionMask = 2147483647;
			files = (
				C8812C462028B0B20055FEBA /* PointCloudLibraryConversions.cxx in Sources */,
				A8C938A255EF4007AFD2BDFC /* PointCloudLibraryWrapper.cpp in Sources */,
			);
			runOnlyForDeploymentPostprocessing = 0;
		};
/* End PBXSourcesBuildPhase section */

/* Begin PBXTargetDependency section */
		573606989F7C4054982CA2FC /* PBXTargetDependency */ = {
			isa = PBXTargetDependency;
			target = 9DA4BBE7BD404AD1880F665B /* pcl */;
			targetProxy = 6A8355CBA88849289677DA5F /* PBXContainerItemProxy */;
		};
		8FE528F1396F43C4BE175BEC /* PBXTargetDependency */ = {
			isa = PBXTargetDependency;
			target = 5A0BA516478D4767B9C53596 /* ZERO_CHECK */;
			targetProxy = 22F00A86D1144517B6909756 /* PBXContainerItemProxy */;
		};
		924CCD22B32A40009A08355D /* PBXTargetDependency */ = {
			isa = PBXTargetDependency;
			target = 5A0BA516478D4767B9C53596 /* ZERO_CHECK */;
			targetProxy = 1E0E1C2570E444EAB82265BB /* PBXContainerItemProxy */;
		};
/* End PBXTargetDependency section */

/* Begin XCBuildConfiguration section */
		004FB2D985724F7280D50B5D /* Release */ = {
			isa = XCBuildConfiguration;
			buildSettings = {
				ARCHS = "$(ARCHS_STANDARD)";
				COMBINE_HIDPI_IMAGES = YES;
				ENABLE_BITCODE = NO;
				GCC_GENERATE_DEBUGGING_SYMBOLS = YES;
				GCC_INLINES_ARE_PRIVATE_EXTERN = NO;
				GCC_OPTIMIZATION_LEVEL = 0;
				GCC_PREPROCESSOR_DEFINITIONS = "'CMAKE_INTDIR=\"$(CONFIGURATION)$(EFFECTIVE_PLATFORM_NAME)\"'";
				GCC_SYMBOLS_PRIVATE_EXTERN = NO;
				HEADER_SEARCH_PATHS = "/Users/T_O/pcl-superbuild/iOSWrapper/../build/CMakeExternals/Install/eigen";
				INSTALL_PATH = "";
				IPHONEOS_DEPLOYMENT_TARGET = 8.0;
				MACH_O_TYPE = staticlib;
				OTHER_LDFLAGS = " ";
				OTHER_REZFLAGS = "";
				PRODUCT_NAME = ZERO_CHECK;
				SDKROOT = iphoneos;
				SECTORDER_FLAGS = "";
				SYMROOT = "/Users/T_O/pcl-superbuild/iOSWrapper/build.ios";
				USE_HEADERMAP = NO;
				WARNING_CFLAGS = (
					"-Wmost",
					"-Wno-four-char-constants",
					"-Wno-unknown-pragmas",
					"$(inherited)",
				);
			};
			name = Release;
		};
		11105E4CBF5040A7A1A47FB5 /* RelWithDebInfo */ = {
			isa = XCBuildConfiguration;
			buildSettings = {
				ARCHS = "$(ARCHS_STANDARD)";
				COMBINE_HIDPI_IMAGES = YES;
				ENABLE_BITCODE = NO;
				GCC_GENERATE_DEBUGGING_SYMBOLS = YES;
				GCC_INLINES_ARE_PRIVATE_EXTERN = NO;
				GCC_OPTIMIZATION_LEVEL = 0;
				GCC_PREPROCESSOR_DEFINITIONS = "'CMAKE_INTDIR=\"$(CONFIGURATION)$(EFFECTIVE_PLATFORM_NAME)\"'";
				GCC_SYMBOLS_PRIVATE_EXTERN = NO;
				HEADER_SEARCH_PATHS = "/Users/T_O/pcl-superbuild/iOSWrapper/../build/CMakeExternals/Install/eigen";
				INSTALL_PATH = "";
				IPHONEOS_DEPLOYMENT_TARGET = 8.0;
				MACH_O_TYPE = staticlib;
				OTHER_LDFLAGS = " ";
				OTHER_REZFLAGS = "";
				PRODUCT_NAME = ZERO_CHECK;
				SDKROOT = iphoneos;
				SECTORDER_FLAGS = "";
				SYMROOT = "/Users/T_O/pcl-superbuild/iOSWrapper/build.ios";
				USE_HEADERMAP = NO;
				WARNING_CFLAGS = (
					"-Wmost",
					"-Wno-four-char-constants",
					"-Wno-unknown-pragmas",
					"$(inherited)",
				);
			};
			name = RelWithDebInfo;
		};
		23E27842B1E540B594D666F0 /* RelWithDebInfo */ = {
			isa = XCBuildConfiguration;
			buildSettings = {
				ARCHS = (
					armv7,
					armv7s,
					arm64,
				);
				SDKROOT = /Applications/Xcode.app/Contents/Developer/Platforms/iPhoneOS.platform/Developer/SDKs/iPhoneOS11.2.sdk;
				SYMROOT = "/Users/T_O/pcl-superbuild/iOSWrapper/build.ios/build";
			};
			name = RelWithDebInfo;
		};
		2A6BF752A5CF4591A457A778 /* Debug */ = {
			isa = XCBuildConfiguration;
			buildSettings = {
				ARCHS = "$(ARCHS_STANDARD)";
				CLANG_ALLOW_NON_MODULAR_INCLUDES_IN_FRAMEWORK_MODULES = NO;
				COMBINE_HIDPI_IMAGES = YES;
				ENABLE_BITCODE = NO;
				GCC_GENERATE_DEBUGGING_SYMBOLS = YES;
				GCC_INLINES_ARE_PRIVATE_EXTERN = NO;
				GCC_OPTIMIZATION_LEVEL = 0;
				GCC_PREPROCESSOR_DEFINITIONS = "'CMAKE_INTDIR=\"$(CONFIGURATION)$(EFFECTIVE_PLATFORM_NAME)\"'";
				GCC_SYMBOLS_PRIVATE_EXTERN = NO;
				HEADER_SEARCH_PATHS = "/Users/T_O/pcl-superbuild/iOSWrapper/../build/CMakeExternals/Install/eigen";
				INSTALL_PATH = "";
				IPHONEOS_DEPLOYMENT_TARGET = 8.0;
				MACH_O_TYPE = staticlib;
				OTHER_LDFLAGS = " ";
				OTHER_REZFLAGS = "";
				PRODUCT_NAME = ALL_BUILD;
				SDKROOT = iphoneos;
				SECTORDER_FLAGS = "";
				SYMROOT = "/Users/T_O/pcl-superbuild/iOSWrapper/build.ios";
				USE_HEADERMAP = NO;
				WARNING_CFLAGS = (
					"-Wmost",
					"-Wno-four-char-constants",
					"-Wno-unknown-pragmas",
					"$(inherited)",
				);
			};
			name = Debug;
		};
		3682EFBBE7BB4698B033AB9E /* RelWithDebInfo */ = {
			isa = XCBuildConfiguration;
			buildSettings = {
				ARCHS = "$(ARCHS_STANDARD)";
				CODE_SIGN_IDENTITY = "iPhone Developer";
				COMBINE_HIDPI_IMAGES = YES;
				DYLIB_COMPATIBILITY_VERSION = 1.0.0;
				DYLIB_CURRENT_VERSION = 1.0.0;
				ENABLE_BITCODE = NO;
				EXECUTABLE_PREFIX = "";
				EXECUTABLE_SUFFIX = "";
				FRAMEWORK_VERSION = A;
				GCC_GENERATE_DEBUGGING_SYMBOLS = NO;
				GCC_INLINES_ARE_PRIVATE_EXTERN = NO;
				GCC_OPTIMIZATION_LEVEL = 0;
				GCC_PREPROCESSOR_DEFINITIONS = (
					"'CMAKE_INTDIR=\"$(CONFIGURATION)$(EFFECTIVE_PLATFORM_NAME)\"'",
					pcl_EXPORTS,
				);
				GCC_SYMBOLS_PRIVATE_EXTERN = NO;
				HEADER_SEARCH_PATHS = (
					"/Users/T_O/pcl-superbuild/iOSWrapper/../build/CMakeExternals/Install/eigen",
					"/Users/T_O/pcl-superbuild/iOSWrapper/../build/CMakeExternals/Install/boost-ios-device/include",
					"/Users/T_O/pcl-superbuild/iOSWrapper/../build/CMakeExternals/Install/flann-ios-device/include",
					"/Users/T_O/pcl-superbuild/iOSWrapper/../build/CMakeExternals/Install/qhull-ios-device/include/libqhull",
					"/Users/T_O/pcl-superbuild/iOSWrapper/../build/CMakeExternals/Install/qhull-ios-device/include/libqhull_r",
					"/Users/T_O/pcl-superbuild/iOSWrapper/../build/CMakeExternals/Install/qhull-ios-device/include/libqhullcpp",
					"/Users/T_O/pcl-superbuild/iOSWrapper/../build/CMakeExternals/Install/pcl-ios-device/include/pcl-1.8",
				);
				INFOPLIST_FILE = "/Users/T_O/pcl-superbuild/iOSWrapper/build.ios/CMakeFiles/pcl.dir/Info.plist";
				INSTALL_PATH = "/Users/T_O/pcl-superbuild/iOSWrapper/build.ios/RelWithDebInfo${EFFECTIVE_PLATFORM_NAME}";
				IPHONEOS_DEPLOYMENT_TARGET = 8.0;
				LIBRARY_SEARCH_PATHS = "";
				LIBRARY_STYLE = DYNAMIC;
				MACH_O_TYPE = staticlib;
				ONLY_ACTIVE_ARCH = NO;
				OTHER_CFLAGS = (
					"-fvisibility=hidden",
					"-fvisibility-inlines-hidden",
				);
				OTHER_CPLUSPLUSFLAGS = (
					"-fvisibility=hidden",
					"-fvisibility-inlines-hidden",
					"-isysroot",
					/Applications/Xcode.app/Contents/Developer/Platforms/iPhoneOS.platform/Developer/SDKs/iPhoneOS11.2.sdk,
					"-fPIC",
					"-fvisibility=hidden",
					"-fvisibility-inlines-hidden",
				);
				OTHER_LDFLAGS = (
					"-Wall",
					"/Users/T_O/pcl-superbuild/iOSWrapper/../build/CMakeExternals/Install/boost-ios-device/lib/libboost_date_time.a",
					"/Users/T_O/pcl-superbuild/iOSWrapper/../build/CMakeExternals/Install/boost-ios-device/lib/libboost_filesystem.a",
					"/Users/T_O/pcl-superbuild/iOSWrapper/../build/CMakeExternals/Install/boost-ios-device/lib/libboost_iostreams.a",
					"/Users/T_O/pcl-superbuild/iOSWrapper/../build/CMakeExternals/Install/boost-ios-device/lib/libboost_program_options.a",
					"/Users/T_O/pcl-superbuild/iOSWrapper/../build/CMakeExternals/Install/boost-ios-device/lib/libboost_regex.a",
					"/Users/T_O/pcl-superbuild/iOSWrapper/../build/CMakeExternals/Install/boost-ios-device/lib/libboost_signals.a",
					"/Users/T_O/pcl-superbuild/iOSWrapper/../build/CMakeExternals/Install/boost-ios-device/lib/libboost_system.a",
					"/Users/T_O/pcl-superbuild/iOSWrapper/../build/CMakeExternals/Install/boost-ios-device/lib/libboost_thread.a",
					"/Users/T_O/pcl-superbuild/iOSWrapper/../build/CMakeExternals/Install/flann-ios-device/lib/libflann_cpp_s.a",
					"/Users/T_O/pcl-superbuild/iOSWrapper/../build/CMakeExternals/Install/pcl-ios-device/lib/libpcl_common.a",
					"/Users/T_O/pcl-superbuild/iOSWrapper/../build/CMakeExternals/Install/pcl-ios-device/lib/libpcl_io.a",
					"/Users/T_O/pcl-superbuild/iOSWrapper/../build/CMakeExternals/Install/pcl-ios-device/lib/libpcl_io_ply.a",
					"/Users/T_O/pcl-superbuild/iOSWrapper/../build/CMakeExternals/Install/pcl-ios-device/lib/libpcl_kdtree.a",
					"/Users/T_O/pcl-superbuild/iOSWrapper/../build/CMakeExternals/Install/pcl-ios-device/lib/libpcl_ml.a",
					"/Users/T_O/pcl-superbuild/iOSWrapper/../build/CMakeExternals/Install/pcl-ios-device/lib/libpcl_octree.a",
					"/Users/T_O/pcl-superbuild/iOSWrapper/../build/CMakeExternals/Install/pcl-ios-device/lib/libpcl_search.a",
					"/Users/T_O/pcl-superbuild/iOSWrapper/../build/CMakeExternals/Install/pcl-ios-device/lib/libpcl_stereo.a",
					"/Users/T_O/pcl-superbuild/iOSWrapper/../build/CMakeExternals/Install/pcl-ios-device/lib/libpcl_surface.a",
				);
				OTHER_REZFLAGS = "";
				PRODUCT_NAME = pcl;
				SDKROOT = iphoneos;
				SECTORDER_FLAGS = "";
				SYMROOT = "/Users/T_O/pcl-superbuild/iOSWrapper/build.ios";
				USE_HEADERMAP = NO;
				WARNING_CFLAGS = (
					"-Wmost",
					"-Wno-four-char-constants",
					"-Wno-unknown-pragmas",
					"$(inherited)",
				);
			};
			name = RelWithDebInfo;
		};
		6B8D59D49D9C462F8D6F9EB9 /* Debug */ = {
			isa = XCBuildConfiguration;
			buildSettings = {
				ARCHS = (
					armv7,
					armv7s,
					arm64,
				);
				SDKROOT = /Applications/Xcode.app/Contents/Developer/Platforms/iPhoneOS.platform/Developer/SDKs/iPhoneOS11.2.sdk;
				SYMROOT = "/Users/T_O/pcl-superbuild/iOSWrapper/build.ios/build";
			};
			name = Debug;
		};
		6C1049E8E9C5403FB3ACDFFA /* RelWithDebInfo */ = {
			isa = XCBuildConfiguration;
			buildSettings = {
				ARCHS = "$(ARCHS_STANDARD)";
				CLANG_ALLOW_NON_MODULAR_INCLUDES_IN_FRAMEWORK_MODULES = NO;
				COMBINE_HIDPI_IMAGES = YES;
				ENABLE_BITCODE = NO;
				GCC_GENERATE_DEBUGGING_SYMBOLS = YES;
				GCC_INLINES_ARE_PRIVATE_EXTERN = NO;
				GCC_OPTIMIZATION_LEVEL = 0;
				GCC_PREPROCESSOR_DEFINITIONS = "'CMAKE_INTDIR=\"$(CONFIGURATION)$(EFFECTIVE_PLATFORM_NAME)\"'";
				GCC_SYMBOLS_PRIVATE_EXTERN = NO;
				HEADER_SEARCH_PATHS = "/Users/T_O/pcl-superbuild/iOSWrapper/../build/CMakeExternals/Install/eigen";
				INSTALL_PATH = "";
				IPHONEOS_DEPLOYMENT_TARGET = 8.0;
				MACH_O_TYPE = staticlib;
				OTHER_LDFLAGS = " ";
				OTHER_REZFLAGS = "";
				PRODUCT_NAME = ALL_BUILD;
				SDKROOT = iphoneos;
				SECTORDER_FLAGS = "";
				SYMROOT = "/Users/T_O/pcl-superbuild/iOSWrapper/build.ios";
				USE_HEADERMAP = NO;
				WARNING_CFLAGS = (
					"-Wmost",
					"-Wno-four-char-constants",
					"-Wno-unknown-pragmas",
					"$(inherited)",
				);
			};
			name = RelWithDebInfo;
		};
		B4AB188AD4334C2194C457F8 /* Release */ = {
			isa = XCBuildConfiguration;
			buildSettings = {
				ARCHS = "$(ARCHS_STANDARD)";
				CLANG_ALLOW_NON_MODULAR_INCLUDES_IN_FRAMEWORK_MODULES = NO;
				COMBINE_HIDPI_IMAGES = YES;
				ENABLE_BITCODE = NO;
				GCC_GENERATE_DEBUGGING_SYMBOLS = YES;
				GCC_INLINES_ARE_PRIVATE_EXTERN = NO;
				GCC_OPTIMIZATION_LEVEL = 0;
				GCC_PREPROCESSOR_DEFINITIONS = "'CMAKE_INTDIR=\"$(CONFIGURATION)$(EFFECTIVE_PLATFORM_NAME)\"'";
				GCC_SYMBOLS_PRIVATE_EXTERN = NO;
				HEADER_SEARCH_PATHS = "/Users/T_O/pcl-superbuild/iOSWrapper/../build/CMakeExternals/Install/eigen";
				INSTALL_PATH = "";
				IPHONEOS_DEPLOYMENT_TARGET = 8.0;
				MACH_O_TYPE = staticlib;
				OTHER_LDFLAGS = " ";
				OTHER_REZFLAGS = "";
				PRODUCT_NAME = ALL_BUILD;
				SDKROOT = iphoneos;
				SECTORDER_FLAGS = "";
				SYMROOT = "/Users/T_O/pcl-superbuild/iOSWrapper/build.ios";
				USE_HEADERMAP = NO;
				WARNING_CFLAGS = (
					"-Wmost",
					"-Wno-four-char-constants",
					"-Wno-unknown-pragmas",
					"$(inherited)",
				);
			};
			name = Release;
		};
		B72AF65A767F4AED91E63D69 /* MinSizeRel */ = {
			isa = XCBuildConfiguration;
			buildSettings = {
				ARCHS = "$(ARCHS_STANDARD)";
				CLANG_ALLOW_NON_MODULAR_INCLUDES_IN_FRAMEWORK_MODULES = NO;
				COMBINE_HIDPI_IMAGES = YES;
				ENABLE_BITCODE = NO;
				GCC_GENERATE_DEBUGGING_SYMBOLS = YES;
				GCC_INLINES_ARE_PRIVATE_EXTERN = NO;
				GCC_OPTIMIZATION_LEVEL = 0;
				GCC_PREPROCESSOR_DEFINITIONS = "'CMAKE_INTDIR=\"$(CONFIGURATION)$(EFFECTIVE_PLATFORM_NAME)\"'";
				GCC_SYMBOLS_PRIVATE_EXTERN = NO;
				HEADER_SEARCH_PATHS = "/Users/T_O/pcl-superbuild/iOSWrapper/../build/CMakeExternals/Install/eigen";
				INSTALL_PATH = "";
				IPHONEOS_DEPLOYMENT_TARGET = 8.0;
				MACH_O_TYPE = staticlib;
				OTHER_LDFLAGS = " ";
				OTHER_REZFLAGS = "";
				PRODUCT_NAME = ALL_BUILD;
				SDKROOT = iphoneos;
				SECTORDER_FLAGS = "";
				SYMROOT = "/Users/T_O/pcl-superbuild/iOSWrapper/build.ios";
				USE_HEADERMAP = NO;
				WARNING_CFLAGS = (
					"-Wmost",
					"-Wno-four-char-constants",
					"-Wno-unknown-pragmas",
					"$(inherited)",
				);
			};
			name = MinSizeRel;
		};
		B9B33916FD5D4BCB833FC425 /* Debug */ = {
			isa = XCBuildConfiguration;
			buildSettings = {
				ARCHS = "$(ARCHS_STANDARD)";
				COMBINE_HIDPI_IMAGES = YES;
				ENABLE_BITCODE = NO;
				GCC_GENERATE_DEBUGGING_SYMBOLS = YES;
				GCC_INLINES_ARE_PRIVATE_EXTERN = NO;
				GCC_OPTIMIZATION_LEVEL = 0;
				GCC_PREPROCESSOR_DEFINITIONS = "'CMAKE_INTDIR=\"$(CONFIGURATION)$(EFFECTIVE_PLATFORM_NAME)\"'";
				GCC_SYMBOLS_PRIVATE_EXTERN = NO;
				HEADER_SEARCH_PATHS = "/Users/T_O/pcl-superbuild/iOSWrapper/../build/CMakeExternals/Install/eigen";
				INSTALL_PATH = "";
				IPHONEOS_DEPLOYMENT_TARGET = 8.0;
				MACH_O_TYPE = staticlib;
				OTHER_LDFLAGS = " ";
				OTHER_REZFLAGS = "";
				PRODUCT_NAME = ZERO_CHECK;
				SDKROOT = iphoneos;
				SECTORDER_FLAGS = "";
				SYMROOT = "/Users/T_O/pcl-superbuild/iOSWrapper/build.ios";
				USE_HEADERMAP = NO;
				WARNING_CFLAGS = (
					"-Wmost",
					"-Wno-four-char-constants",
					"-Wno-unknown-pragmas",
					"$(inherited)",
				);
			};
			name = Debug;
		};
		C09BF28D6D534CE486D213E0 /* MinSizeRel */ = {
			isa = XCBuildConfiguration;
			buildSettings = {
				ARCHS = "$(ARCHS_STANDARD)";
				CODE_SIGN_IDENTITY = "iPhone Developer";
				COMBINE_HIDPI_IMAGES = YES;
				DYLIB_COMPATIBILITY_VERSION = 1.0.0;
				DYLIB_CURRENT_VERSION = 1.0.0;
				ENABLE_BITCODE = NO;
				EXECUTABLE_PREFIX = "";
				EXECUTABLE_SUFFIX = "";
				FRAMEWORK_VERSION = A;
				GCC_GENERATE_DEBUGGING_SYMBOLS = NO;
				GCC_INLINES_ARE_PRIVATE_EXTERN = NO;
				GCC_OPTIMIZATION_LEVEL = 0;
				GCC_PREPROCESSOR_DEFINITIONS = (
					"'CMAKE_INTDIR=\"$(CONFIGURATION)$(EFFECTIVE_PLATFORM_NAME)\"'",
					pcl_EXPORTS,
				);
				GCC_SYMBOLS_PRIVATE_EXTERN = NO;
				HEADER_SEARCH_PATHS = (
					"/Users/T_O/pcl-superbuild/iOSWrapper/../build/CMakeExternals/Install/eigen",
					"/Users/T_O/pcl-superbuild/iOSWrapper/../build/CMakeExternals/Install/boost-ios-device/include",
					"/Users/T_O/pcl-superbuild/iOSWrapper/../build/CMakeExternals/Install/flann-ios-device/include",
					"/Users/T_O/pcl-superbuild/iOSWrapper/../build/CMakeExternals/Install/qhull-ios-device/include/libqhull",
					"/Users/T_O/pcl-superbuild/iOSWrapper/../build/CMakeExternals/Install/qhull-ios-device/include/libqhull_r",
					"/Users/T_O/pcl-superbuild/iOSWrapper/../build/CMakeExternals/Install/qhull-ios-device/include/libqhullcpp",
					"/Users/T_O/pcl-superbuild/iOSWrapper/../build/CMakeExternals/Install/pcl-ios-device/include/pcl-1.8",
				);
				INFOPLIST_FILE = "/Users/T_O/pcl-superbuild/iOSWrapper/build.ios/CMakeFiles/pcl.dir/Info.plist";
				INSTALL_PATH = "/Users/T_O/pcl-superbuild/iOSWrapper/build.ios/MinSizeRel${EFFECTIVE_PLATFORM_NAME}";
				IPHONEOS_DEPLOYMENT_TARGET = 8.0;
				LIBRARY_SEARCH_PATHS = "";
				LIBRARY_STYLE = DYNAMIC;
				MACH_O_TYPE = staticlib;
				ONLY_ACTIVE_ARCH = NO;
				OTHER_CFLAGS = (
					"-fvisibility=hidden",
					"-fvisibility-inlines-hidden",
				);
				OTHER_CPLUSPLUSFLAGS = (
					"-fvisibility=hidden",
					"-fvisibility-inlines-hidden",
					"-isysroot",
					/Applications/Xcode.app/Contents/Developer/Platforms/iPhoneOS.platform/Developer/SDKs/iPhoneOS11.2.sdk,
					"-fPIC",
					"-fvisibility=hidden",
					"-fvisibility-inlines-hidden",
				);
				OTHER_LDFLAGS = (
					"-Wall",
					"/Users/T_O/pcl-superbuild/iOSWrapper/../build/CMakeExternals/Install/boost-ios-device/lib/libboost_date_time.a",
					"/Users/T_O/pcl-superbuild/iOSWrapper/../build/CMakeExternals/Install/boost-ios-device/lib/libboost_filesystem.a",
					"/Users/T_O/pcl-superbuild/iOSWrapper/../build/CMakeExternals/Install/boost-ios-device/lib/libboost_iostreams.a",
					"/Users/T_O/pcl-superbuild/iOSWrapper/../build/CMakeExternals/Install/boost-ios-device/lib/libboost_program_options.a",
					"/Users/T_O/pcl-superbuild/iOSWrapper/../build/CMakeExternals/Install/boost-ios-device/lib/libboost_regex.a",
					"/Users/T_O/pcl-superbuild/iOSWrapper/../build/CMakeExternals/Install/boost-ios-device/lib/libboost_signals.a",
					"/Users/T_O/pcl-superbuild/iOSWrapper/../build/CMakeExternals/Install/boost-ios-device/lib/libboost_system.a",
					"/Users/T_O/pcl-superbuild/iOSWrapper/../build/CMakeExternals/Install/boost-ios-device/lib/libboost_thread.a",
					"/Users/T_O/pcl-superbuild/iOSWrapper/../build/CMakeExternals/Install/flann-ios-device/lib/libflann_cpp_s.a",
					"/Users/T_O/pcl-superbuild/iOSWrapper/../build/CMakeExternals/Install/pcl-ios-device/lib/libpcl_common.a",
					"/Users/T_O/pcl-superbuild/iOSWrapper/../build/CMakeExternals/Install/pcl-ios-device/lib/libpcl_io.a",
					"/Users/T_O/pcl-superbuild/iOSWrapper/../build/CMakeExternals/Install/pcl-ios-device/lib/libpcl_io_ply.a",
					"/Users/T_O/pcl-superbuild/iOSWrapper/../build/CMakeExternals/Install/pcl-ios-device/lib/libpcl_kdtree.a",
					"/Users/T_O/pcl-superbuild/iOSWrapper/../build/CMakeExternals/Install/pcl-ios-device/lib/libpcl_ml.a",
					"/Users/T_O/pcl-superbuild/iOSWrapper/../build/CMakeExternals/Install/pcl-ios-device/lib/libpcl_octree.a",
					"/Users/T_O/pcl-superbuild/iOSWrapper/../build/CMakeExternals/Install/pcl-ios-device/lib/libpcl_search.a",
					"/Users/T_O/pcl-superbuild/iOSWrapper/../build/CMakeExternals/Install/pcl-ios-device/lib/libpcl_stereo.a",
					"/Users/T_O/pcl-superbuild/iOSWrapper/../build/CMakeExternals/Install/pcl-ios-device/lib/libpcl_surface.a",
				);
				OTHER_REZFLAGS = "";
				PRODUCT_NAME = pcl;
				SDKROOT = iphoneos;
				SECTORDER_FLAGS = "";
				SYMROOT = "/Users/T_O/pcl-superbuild/iOSWrapper/build.ios";
				USE_HEADERMAP = NO;
				WARNING_CFLAGS = (
					"-Wmost",
					"-Wno-four-char-constants",
					"-Wno-unknown-pragmas",
					"$(inherited)",
				);
			};
			name = MinSizeRel;
		};
		D02905F6402C4C3D9FE71A61 /* MinSizeRel */ = {
			isa = XCBuildConfiguration;
			buildSettings = {
				ARCHS = (
					armv7,
					armv7s,
					arm64,
				);
				SDKROOT = /Applications/Xcode.app/Contents/Developer/Platforms/iPhoneOS.platform/Developer/SDKs/iPhoneOS11.2.sdk;
				SYMROOT = "/Users/T_O/pcl-superbuild/iOSWrapper/build.ios/build";
			};
			name = MinSizeRel;
		};
		EBAF4C7C31BE4498A4FC2E34 /* Debug */ = {
			isa = XCBuildConfiguration;
			buildSettings = {
				ARCHS = "$(ARCHS_STANDARD)";
				CODE_SIGN_IDENTITY = "iPhone Developer";
				COMBINE_HIDPI_IMAGES = YES;
				DYLIB_COMPATIBILITY_VERSION = 1.0.0;
				DYLIB_CURRENT_VERSION = 1.0.0;
				ENABLE_BITCODE = NO;
				EXECUTABLE_PREFIX = "";
				EXECUTABLE_SUFFIX = "";
				FRAMEWORK_VERSION = A;
				GCC_GENERATE_DEBUGGING_SYMBOLS = NO;
				GCC_INLINES_ARE_PRIVATE_EXTERN = NO;
				GCC_OPTIMIZATION_LEVEL = 0;
				GCC_PREPROCESSOR_DEFINITIONS = (
					"'CMAKE_INTDIR=\"$(CONFIGURATION)$(EFFECTIVE_PLATFORM_NAME)\"'",
					pcl_EXPORTS,
				);
				GCC_SYMBOLS_PRIVATE_EXTERN = NO;
				HEADER_SEARCH_PATHS = (
					"/Users/T_O/pcl-superbuild/iOSWrapper/../build/CMakeExternals/Install/eigen",
					"/Users/T_O/pcl-superbuild/iOSWrapper/../build/CMakeExternals/Install/boost-ios-device/include",
					"/Users/T_O/pcl-superbuild/iOSWrapper/../build/CMakeExternals/Install/flann-ios-device/include",
					"/Users/T_O/pcl-superbuild/iOSWrapper/../build/CMakeExternals/Install/qhull-ios-device/include/libqhull",
					"/Users/T_O/pcl-superbuild/iOSWrapper/../build/CMakeExternals/Install/qhull-ios-device/include/libqhull_r",
					"/Users/T_O/pcl-superbuild/iOSWrapper/../build/CMakeExternals/Install/qhull-ios-device/include/libqhullcpp",
					"/Users/T_O/pcl-superbuild/iOSWrapper/../build/CMakeExternals/Install/pcl-ios-device/include/pcl-1.8",
				);
				INFOPLIST_FILE = "/Users/T_O/pcl-superbuild/iOSWrapper/build.ios/CMakeFiles/pcl.dir/Info.plist";
				INSTALL_PATH = "/Users/T_O/pcl-superbuild/iOSWrapper/build.ios/Debug${EFFECTIVE_PLATFORM_NAME}";
				IPHONEOS_DEPLOYMENT_TARGET = 8.0;
				LIBRARY_SEARCH_PATHS = "";
				LIBRARY_STYLE = DYNAMIC;
				MACH_O_TYPE = staticlib;
				ONLY_ACTIVE_ARCH = NO;
				OTHER_CFLAGS = (
					"-fvisibility=hidden",
					"-fvisibility-inlines-hidden",
				);
				OTHER_CPLUSPLUSFLAGS = (
					"-fvisibility=hidden",
					"-fvisibility-inlines-hidden",
					"-isysroot",
					/Applications/Xcode.app/Contents/Developer/Platforms/iPhoneOS.platform/Developer/SDKs/iPhoneOS11.2.sdk,
					"-fPIC",
					"-fvisibility=hidden",
					"-fvisibility-inlines-hidden",
				);
				OTHER_LDFLAGS = (
					"-Wall",
					"/Users/T_O/pcl-superbuild/iOSWrapper/../build/CMakeExternals/Install/boost-ios-device/lib/libboost_date_time.a",
					"/Users/T_O/pcl-superbuild/iOSWrapper/../build/CMakeExternals/Install/boost-ios-device/lib/libboost_filesystem.a",
					"/Users/T_O/pcl-superbuild/iOSWrapper/../build/CMakeExternals/Install/boost-ios-device/lib/libboost_iostreams.a",
					"/Users/T_O/pcl-superbuild/iOSWrapper/../build/CMakeExternals/Install/boost-ios-device/lib/libboost_program_options.a",
					"/Users/T_O/pcl-superbuild/iOSWrapper/../build/CMakeExternals/Install/boost-ios-device/lib/libboost_regex.a",
					"/Users/T_O/pcl-superbuild/iOSWrapper/../build/CMakeExternals/Install/boost-ios-device/lib/libboost_signals.a",
					"/Users/T_O/pcl-superbuild/iOSWrapper/../build/CMakeExternals/Install/boost-ios-device/lib/libboost_system.a",
					"/Users/T_O/pcl-superbuild/iOSWrapper/../build/CMakeExternals/Install/boost-ios-device/lib/libboost_thread.a",
					"/Users/T_O/pcl-superbuild/iOSWrapper/../build/CMakeExternals/Install/flann-ios-device/lib/libflann_cpp_s.a",
					"/Users/T_O/pcl-superbuild/iOSWrapper/../build/CMakeExternals/Install/pcl-ios-device/lib/libpcl_common.a",
					"/Users/T_O/pcl-superbuild/iOSWrapper/../build/CMakeExternals/Install/pcl-ios-device/lib/libpcl_io.a",
					"/Users/T_O/pcl-superbuild/iOSWrapper/../build/CMakeExternals/Install/pcl-ios-device/lib/libpcl_io_ply.a",
					"/Users/T_O/pcl-superbuild/iOSWrapper/../build/CMakeExternals/Install/pcl-ios-device/lib/libpcl_kdtree.a",
					"/Users/T_O/pcl-superbuild/iOSWrapper/../build/CMakeExternals/Install/pcl-ios-device/lib/libpcl_ml.a",
					"/Users/T_O/pcl-superbuild/iOSWrapper/../build/CMakeExternals/Install/pcl-ios-device/lib/libpcl_octree.a",
					"/Users/T_O/pcl-superbuild/iOSWrapper/../build/CMakeExternals/Install/pcl-ios-device/lib/libpcl_search.a",
					"/Users/T_O/pcl-superbuild/iOSWrapper/../build/CMakeExternals/Install/pcl-ios-device/lib/libpcl_stereo.a",
					"/Users/T_O/pcl-superbuild/iOSWrapper/../build/CMakeExternals/Install/pcl-ios-device/lib/libpcl_surface.a",
				);
				OTHER_REZFLAGS = "";
				PRODUCT_NAME = pcl;
				SDKROOT = iphoneos;
				SECTORDER_FLAGS = "";
				SYMROOT = "/Users/T_O/pcl-superbuild/iOSWrapper/build.ios";
				USE_HEADERMAP = NO;
				WARNING_CFLAGS = (
					"-Wmost",
					"-Wno-four-char-constants",
					"-Wno-unknown-pragmas",
					"$(inherited)",
				);
			};
			name = Debug;
		};
		F278273E0F13474F8A51E26E /* Release */ = {
			isa = XCBuildConfiguration;
			buildSettings = {
				ARCHS = (
					armv7,
					armv7s,
					arm64,
				);
				SDKROOT = /Applications/Xcode.app/Contents/Developer/Platforms/iPhoneOS.platform/Developer/SDKs/iPhoneOS11.2.sdk;
				SYMROOT = "/Users/T_O/pcl-superbuild/iOSWrapper/build.ios/build";
			};
			name = Release;
		};
		F2DB594265B74F3494F65775 /* MinSizeRel */ = {
			isa = XCBuildConfiguration;
			buildSettings = {
				ARCHS = "$(ARCHS_STANDARD)";
				COMBINE_HIDPI_IMAGES = YES;
				ENABLE_BITCODE = NO;
				GCC_GENERATE_DEBUGGING_SYMBOLS = YES;
				GCC_INLINES_ARE_PRIVATE_EXTERN = NO;
				GCC_OPTIMIZATION_LEVEL = 0;
				GCC_PREPROCESSOR_DEFINITIONS = "'CMAKE_INTDIR=\"$(CONFIGURATION)$(EFFECTIVE_PLATFORM_NAME)\"'";
				GCC_SYMBOLS_PRIVATE_EXTERN = NO;
				HEADER_SEARCH_PATHS = "/Users/T_O/pcl-superbuild/iOSWrapper/../build/CMakeExternals/Install/eigen";
				INSTALL_PATH = "";
				IPHONEOS_DEPLOYMENT_TARGET = 8.0;
				MACH_O_TYPE = staticlib;
				OTHER_LDFLAGS = " ";
				OTHER_REZFLAGS = "";
				PRODUCT_NAME = ZERO_CHECK;
				SDKROOT = iphoneos;
				SECTORDER_FLAGS = "";
				SYMROOT = "/Users/T_O/pcl-superbuild/iOSWrapper/build.ios";
				USE_HEADERMAP = NO;
				WARNING_CFLAGS = (
					"-Wmost",
					"-Wno-four-char-constants",
					"-Wno-unknown-pragmas",
					"$(inherited)",
				);
			};
			name = MinSizeRel;
		};
		FE8E7136E81B44FE87011E84 /* Release */ = {
			isa = XCBuildConfiguration;
			buildSettings = {
				ARCHS = "$(ARCHS_STANDARD)";
				CODE_SIGN_IDENTITY = "iPhone Developer";
				COMBINE_HIDPI_IMAGES = YES;
				DYLIB_COMPATIBILITY_VERSION = 1.0.0;
				DYLIB_CURRENT_VERSION = 1.0.0;
				ENABLE_BITCODE = NO;
				EXECUTABLE_PREFIX = "";
				EXECUTABLE_SUFFIX = "";
				FRAMEWORK_VERSION = A;
				GCC_GENERATE_DEBUGGING_SYMBOLS = NO;
				GCC_INLINES_ARE_PRIVATE_EXTERN = NO;
				GCC_OPTIMIZATION_LEVEL = 0;
				GCC_PREPROCESSOR_DEFINITIONS = (
					"'CMAKE_INTDIR=\"$(CONFIGURATION)$(EFFECTIVE_PLATFORM_NAME)\"'",
					pcl_EXPORTS,
				);
				GCC_SYMBOLS_PRIVATE_EXTERN = NO;
				HEADER_SEARCH_PATHS = (
					"/Users/T_O/pcl-superbuild/iOSWrapper/../build/CMakeExternals/Install/eigen",
					"/Users/T_O/pcl-superbuild/iOSWrapper/../build/CMakeExternals/Install/boost-ios-device/include",
					"/Users/T_O/pcl-superbuild/iOSWrapper/../build/CMakeExternals/Install/flann-ios-device/include",
					"/Users/T_O/pcl-superbuild/iOSWrapper/../build/CMakeExternals/Install/qhull-ios-device/include/libqhull",
					"/Users/T_O/pcl-superbuild/iOSWrapper/../build/CMakeExternals/Install/qhull-ios-device/include/libqhull_r",
					"/Users/T_O/pcl-superbuild/iOSWrapper/../build/CMakeExternals/Install/qhull-ios-device/include/libqhullcpp",
					"/Users/T_O/pcl-superbuild/iOSWrapper/../build/CMakeExternals/Install/pcl-ios-device/include/pcl-1.8",
				);
				INFOPLIST_FILE = "/Users/T_O/pcl-superbuild/iOSWrapper/build.ios/CMakeFiles/pcl.dir/Info.plist";
				INSTALL_PATH = "/Users/T_O/pcl-superbuild/iOSWrapper/build.ios/Release${EFFECTIVE_PLATFORM_NAME}";
				IPHONEOS_DEPLOYMENT_TARGET = 8.0;
				LIBRARY_SEARCH_PATHS = "";
				LIBRARY_STYLE = DYNAMIC;
				MACH_O_TYPE = staticlib;
				ONLY_ACTIVE_ARCH = NO;
				OTHER_CFLAGS = (
					"-fvisibility=hidden",
					"-fvisibility-inlines-hidden",
				);
				OTHER_CPLUSPLUSFLAGS = (
					"-fvisibility=hidden",
					"-fvisibility-inlines-hidden",
					"-isysroot",
					/Applications/Xcode.app/Contents/Developer/Platforms/iPhoneOS.platform/Developer/SDKs/iPhoneOS11.2.sdk,
					"-fPIC",
					"-fvisibility=hidden",
					"-fvisibility-inlines-hidden",
				);
				OTHER_LDFLAGS = (
					"-Wall",
					"/Users/T_O/pcl-superbuild/iOSWrapper/../build/CMakeExternals/Install/boost-ios-device/lib/libboost_date_time.a",
					"/Users/T_O/pcl-superbuild/iOSWrapper/../build/CMakeExternals/Install/boost-ios-device/lib/libboost_filesystem.a",
					"/Users/T_O/pcl-superbuild/iOSWrapper/../build/CMakeExternals/Install/boost-ios-device/lib/libboost_iostreams.a",
					"/Users/T_O/pcl-superbuild/iOSWrapper/../build/CMakeExternals/Install/boost-ios-device/lib/libboost_program_options.a",
					"/Users/T_O/pcl-superbuild/iOSWrapper/../build/CMakeExternals/Install/boost-ios-device/lib/libboost_regex.a",
					"/Users/T_O/pcl-superbuild/iOSWrapper/../build/CMakeExternals/Install/boost-ios-device/lib/libboost_signals.a",
					"/Users/T_O/pcl-superbuild/iOSWrapper/../build/CMakeExternals/Install/boost-ios-device/lib/libboost_system.a",
					"/Users/T_O/pcl-superbuild/iOSWrapper/../build/CMakeExternals/Install/boost-ios-device/lib/libboost_thread.a",
					"/Users/T_O/pcl-superbuild/iOSWrapper/../build/CMakeExternals/Install/flann-ios-device/lib/libflann_cpp_s.a",
					"/Users/T_O/pcl-superbuild/iOSWrapper/../build/CMakeExternals/Install/pcl-ios-device/lib/libpcl_common.a",
					"/Users/T_O/pcl-superbuild/iOSWrapper/../build/CMakeExternals/Install/pcl-ios-device/lib/libpcl_io.a",
					"/Users/T_O/pcl-superbuild/iOSWrapper/../build/CMakeExternals/Install/pcl-ios-device/lib/libpcl_io_ply.a",
					"/Users/T_O/pcl-superbuild/iOSWrapper/../build/CMakeExternals/Install/pcl-ios-device/lib/libpcl_kdtree.a",
					"/Users/T_O/pcl-superbuild/iOSWrapper/../build/CMakeExternals/Install/pcl-ios-device/lib/libpcl_ml.a",
					"/Users/T_O/pcl-superbuild/iOSWrapper/../build/CMakeExternals/Install/pcl-ios-device/lib/libpcl_octree.a",
					"/Users/T_O/pcl-superbuild/iOSWrapper/../build/CMakeExternals/Install/pcl-ios-device/lib/libpcl_search.a",
					"/Users/T_O/pcl-superbuild/iOSWrapper/../build/CMakeExternals/Install/pcl-ios-device/lib/libpcl_stereo.a",
					"/Users/T_O/pcl-superbuild/iOSWrapper/../build/CMakeExternals/Install/pcl-ios-device/lib/libpcl_surface.a",
				);
				OTHER_REZFLAGS = "";
				PRODUCT_NAME = pcl;
				SDKROOT = iphoneos;
				SECTORDER_FLAGS = "";
				SYMROOT = "/Users/T_O/pcl-superbuild/iOSWrapper/build.ios";
				USE_HEADERMAP = NO;
				WARNING_CFLAGS = (
					"-Wmost",
					"-Wno-four-char-constants",
					"-Wno-unknown-pragmas",
					"$(inherited)",
				);
			};
			name = Release;
		};
/* End XCBuildConfiguration section */

/* Begin XCConfigurationList section */
		24E449238A6C4974A8BB8EFF /* Build configuration list for PBXProject "Project" */ = {
			isa = XCConfigurationList;
			buildConfigurations = (
				6B8D59D49D9C462F8D6F9EB9 /* Debug */,
				F278273E0F13474F8A51E26E /* Release */,
				D02905F6402C4C3D9FE71A61 /* MinSizeRel */,
				23E27842B1E540B594D666F0 /* RelWithDebInfo */,
			);
			defaultConfigurationIsVisible = 0;
			defaultConfigurationName = Debug;
		};
		78C969C8963E4EDD98365748 /* Build configuration list for PBXAggregateTarget "ZERO_CHECK" */ = {
			isa = XCConfigurationList;
			buildConfigurations = (
				B9B33916FD5D4BCB833FC425 /* Debug */,
				004FB2D985724F7280D50B5D /* Release */,
				F2DB594265B74F3494F65775 /* MinSizeRel */,
				11105E4CBF5040A7A1A47FB5 /* RelWithDebInfo */,
			);
			defaultConfigurationIsVisible = 0;
			defaultConfigurationName = Debug;
		};
		7A7AB392C7484D66B8458852 /* Build configuration list for PBXNativeTarget "pcl" */ = {
			isa = XCConfigurationList;
			buildConfigurations = (
				EBAF4C7C31BE4498A4FC2E34 /* Debug */,
				FE8E7136E81B44FE87011E84 /* Release */,
				C09BF28D6D534CE486D213E0 /* MinSizeRel */,
				3682EFBBE7BB4698B033AB9E /* RelWithDebInfo */,
			);
			defaultConfigurationIsVisible = 0;
			defaultConfigurationName = Debug;
		};
		D5E213FD97B34F0F82DD78D5 /* Build configuration list for PBXAggregateTarget "ALL_BUILD" */ = {
			isa = XCConfigurationList;
			buildConfigurations = (
				2A6BF752A5CF4591A457A778 /* Debug */,
				B4AB188AD4334C2194C457F8 /* Release */,
				B72AF65A767F4AED91E63D69 /* MinSizeRel */,
				6C1049E8E9C5403FB3ACDFFA /* RelWithDebInfo */,
			);
			defaultConfigurationIsVisible = 0;
			defaultConfigurationName = Debug;
		};
/* End XCConfigurationList section */
	};
	rootObject = 3433FFCCCB71497D943DE3DA /* Project object */;
}
