// !$*UTF8*$!
{
	archiveVersion = 1;
	classes = {
	};
	objectVersion = 46;
	objects = {

/* Begin PBXAggregateTarget section */
		1176531998AF47D0A7B3A355 /* ZERO_CHECK */ = {
			isa = PBXAggregateTarget;
			buildConfigurationList = 333BE576011147A592EE4FAA /* Build configuration list for PBXAggregateTarget "ZERO_CHECK" */;
			buildPhases = (
				B96F6F3092334AD8BF22678B /* CMake Rules */,
			);
			dependencies = (
			);
			name = ZERO_CHECK;
			productName = ZERO_CHECK;
		};
		4564A5EC9402483CAFFFFEC6 /* ALL_BUILD */ = {
			isa = PBXAggregateTarget;
			buildConfigurationList = 9AFC3D56B35E435AAE261A49 /* Build configuration list for PBXAggregateTarget "ALL_BUILD" */;
			buildPhases = (
				9D590CE256BE4D84B339B862 /* CMake Rules */,
			);
			dependencies = (
				C5C8DF0D32BC4FBF9664F00D /* PBXTargetDependency */,
				4531662CD0B94F968F9028D1 /* PBXTargetDependency */,
			);
			name = ALL_BUILD;
			productName = ALL_BUILD;
		};
/* End PBXAggregateTarget section */

/* Begin PBXBuildFile section */
		376E6A6D39B44A8786CB02E5 /* /Users/T_O/pcl-superbuild/iOSWrapper/CMakeLists.txt */ = {isa = PBXBuildFile; fileRef = 3CA07CD1CAF341F782E84B95 /* /Users/T_O/pcl-superbuild/iOSWrapper/CMakeLists.txt */; };
		A239D8A53D66497197C495B2 /* /Users/T_O/pcl-superbuild/iOSWrapper/PointCloudLibraryWrapper.cpp */ = {isa = PBXBuildFile; fileRef = 2979C7F8F6AC4C499F037CDD /* /Users/T_O/pcl-superbuild/iOSWrapper/PointCloudLibraryWrapper.cpp */; };
		B5A81FCF77C34FCFBB892B68 /* /Users/T_O/pcl-superbuild/iOSWrapper/PointCloudLibraryWrapper.hh */ = {isa = PBXBuildFile; fileRef = 66227AB2EC2B4DDEA7598F84 /* /Users/T_O/pcl-superbuild/iOSWrapper/PointCloudLibraryWrapper.hh */; settings = {ATTRIBUTES = (Public); }; };
/* End PBXBuildFile section */

/* Begin PBXBuildStyle section */
		7112E2DFA10E4C06B3130021 /* Release */ = {
			isa = PBXBuildStyle;
			buildSettings = {
				COPY_PHASE_STRIP = NO;
			};
			name = Release;
		};
		71D097A4A5A144BF9E026399 /* RelWithDebInfo */ = {
			isa = PBXBuildStyle;
			buildSettings = {
				COPY_PHASE_STRIP = NO;
			};
			name = RelWithDebInfo;
		};
		8BADD945B0414537A823F584 /* MinSizeRel */ = {
			isa = PBXBuildStyle;
			buildSettings = {
				COPY_PHASE_STRIP = NO;
			};
			name = MinSizeRel;
		};
		ADC70BADC2654DEAB86DC1B9 /* Debug */ = {
			isa = PBXBuildStyle;
			buildSettings = {
				COPY_PHASE_STRIP = NO;
			};
			name = Debug;
		};
/* End PBXBuildStyle section */

/* Begin PBXContainerItemProxy section */
		35E6E8BF4783448EBCD992CB /* PBXContainerItemProxy */ = {
			isa = PBXContainerItemProxy;
			containerPortal = 1A58459A144640B58F85B109 /* Project object */;
			proxyType = 1;
			remoteGlobalIDString = 008E2BC080FA465F814F6EF8;
			remoteInfo = pcl;
		};
		8F045428624F45AABF830EDA /* PBXContainerItemProxy */ = {
			isa = PBXContainerItemProxy;
			containerPortal = 1A58459A144640B58F85B109 /* Project object */;
			proxyType = 1;
			remoteGlobalIDString = 1176531998AF47D0A7B3A355;
			remoteInfo = ZERO_CHECK;
		};
		AD3E80FA3FF04C199FBF8A3C /* PBXContainerItemProxy */ = {
			isa = PBXContainerItemProxy;
			containerPortal = 1A58459A144640B58F85B109 /* Project object */;
			proxyType = 1;
			remoteGlobalIDString = 1176531998AF47D0A7B3A355;
			remoteInfo = ZERO_CHECK;
		};
/* End PBXContainerItemProxy section */

/* Begin PBXFileReference section */
		2979C7F8F6AC4C499F037CDD /* /Users/T_O/pcl-superbuild/iOSWrapper/PointCloudLibraryWrapper.cpp */ = {isa = PBXFileReference; explicitFileType = sourcecode.cpp.cpp; fileEncoding = 4; name = PointCloudLibraryWrapper.cpp; path = PointCloudLibraryWrapper.cpp; sourceTree = SOURCE_ROOT; };
		3CA07CD1CAF341F782E84B95 /* /Users/T_O/pcl-superbuild/iOSWrapper/CMakeLists.txt */ = {isa = PBXFileReference; explicitFileType = sourcecode.text; fileEncoding = 4; name = CMakeLists.txt; path = CMakeLists.txt; sourceTree = SOURCE_ROOT; };
		66227AB2EC2B4DDEA7598F84 /* /Users/T_O/pcl-superbuild/iOSWrapper/PointCloudLibraryWrapper.hh */ = {isa = PBXFileReference; explicitFileType = sourcecode.cpp.h; fileEncoding = 4; name = PointCloudLibraryWrapper.hh; path = PointCloudLibraryWrapper.hh; sourceTree = SOURCE_ROOT; };
		AB561EABFD10491B9606992A /* /Users/T_O/pcl-superbuild/iOSWrapper/CMakeLists.txt */ = {isa = PBXFileReference; explicitFileType = sourcecode.text; fileEncoding = 4; name = CMakeLists.txt; path = CMakeLists.txt; sourceTree = SOURCE_ROOT; };
		D68CB9265B7A40489DC8CD85 /* /Users/T_O/pcl-superbuild/iOSWrapper/CMakeLists.txt */ = {isa = PBXFileReference; explicitFileType = sourcecode.text; fileEncoding = 4; name = CMakeLists.txt; path = CMakeLists.txt; sourceTree = SOURCE_ROOT; };
		F85717CFDD174D79A381F52C /* pcl */ = {isa = PBXFileReference; explicitFileType = wrapper.framework; path = pcl.framework/pcl; sourceTree = BUILT_PRODUCTS_DIR; };
/* End PBXFileReference section */

/* Begin PBXGroup section */
		017D122457964286B5121582 /* Source Files */ = {
			isa = PBXGroup;
			children = (
				2979C7F8F6AC4C499F037CDD /* /Users/T_O/pcl-superbuild/iOSWrapper/PointCloudLibraryWrapper.cpp */,
			);
			name = "Source Files";
			sourceTree = "<group>";
		};
		062B91DC34C1473CAA6DD2D5 /* ZERO_CHECK */ = {
			isa = PBXGroup;
			children = (
				D1591AE9DDFB4D7EA18AF54C /* CMake Rules */,
				AB561EABFD10491B9606992A /* /Users/T_O/pcl-superbuild/iOSWrapper/CMakeLists.txt */,
			);
			name = ZERO_CHECK;
			sourceTree = "<group>";
		};
		0E74ABC586D949BDA6A0E397 /* ALL_BUILD */ = {
			isa = PBXGroup;
			children = (
				333D756213764655B93C7208 /* CMake Rules */,
				D68CB9265B7A40489DC8CD85 /* /Users/T_O/pcl-superbuild/iOSWrapper/CMakeLists.txt */,
			);
			name = ALL_BUILD;
			sourceTree = "<group>";
		};
		333D756213764655B93C7208 /* CMake Rules */ = {
			isa = PBXGroup;
			children = (
			);
			name = "CMake Rules";
			sourceTree = "<group>";
		};
		37D2FF84F4314FA19F04C686 /* Products */ = {
			isa = PBXGroup;
			children = (
				F85717CFDD174D79A381F52C /* pcl */,
			);
			name = Products;
			sourceTree = "<group>";
		};
		5032F2C127E343E795D6352C = {
			isa = PBXGroup;
			children = (
				6A51F65576F04DFB97D17179 /* pcl */,
				0E74ABC586D949BDA6A0E397 /* ALL_BUILD */,
				062B91DC34C1473CAA6DD2D5 /* ZERO_CHECK */,
				37D2FF84F4314FA19F04C686 /* Products */,
			);
			sourceTree = "<group>";
		};
		6A51F65576F04DFB97D17179 /* pcl */ = {
			isa = PBXGroup;
			children = (
				CBB18E8AE7974B1B96B7002F /* Header Files */,
				017D122457964286B5121582 /* Source Files */,
				3CA07CD1CAF341F782E84B95 /* /Users/T_O/pcl-superbuild/iOSWrapper/CMakeLists.txt */,
			);
			name = pcl;
			sourceTree = "<group>";
		};
		CBB18E8AE7974B1B96B7002F /* Header Files */ = {
			isa = PBXGroup;
			children = (
				66227AB2EC2B4DDEA7598F84 /* /Users/T_O/pcl-superbuild/iOSWrapper/PointCloudLibraryWrapper.hh */,
			);
			name = "Header Files";
			sourceTree = "<group>";
		};
		D1591AE9DDFB4D7EA18AF54C /* CMake Rules */ = {
			isa = PBXGroup;
			children = (
			);
			name = "CMake Rules";
			sourceTree = "<group>";
		};
/* End PBXGroup section */

/* Begin PBXHeadersBuildPhase section */
		161F35990C4B467B927CD399 /* Headers */ = {
			isa = PBXHeadersBuildPhase;
			buildActionMask = 2147483647;
			files = (
				B5A81FCF77C34FCFBB892B68 /* /Users/T_O/pcl-superbuild/iOSWrapper/PointCloudLibraryWrapper.hh */,
			);
			runOnlyForDeploymentPostprocessing = 0;
		};
/* End PBXHeadersBuildPhase section */

/* Begin PBXNativeTarget section */
		008E2BC080FA465F814F6EF8 /* pcl */ = {
			isa = PBXNativeTarget;
			buildConfigurationList = A64DA6B5988045009C512C52 /* Build configuration list for PBXNativeTarget "pcl" */;
			buildPhases = (
				161F35990C4B467B927CD399 /* Headers */,
				453DC45182BB42189E8A2B51 /* Sources */,
			);
			buildRules = (
			);
			dependencies = (
				FB3DC5DBF2004EDF9F7B1C00 /* PBXTargetDependency */,
			);
			name = pcl;
			productName = pcl;
			productReference = F85717CFDD174D79A381F52C /* pcl */;
			productType = "com.apple.product-type.framework";
		};
/* End PBXNativeTarget section */

/* Begin PBXProject section */
		1A58459A144640B58F85B109 /* Project object */ = {
			isa = PBXProject;
			attributes = {
				BuildIndependentTargetsInParallel = YES;
				LastUpgradeCheck = 0920;
			};
			buildConfigurationList = 062DCFAA89734B54B69A730A /* Build configuration list for PBXProject "Project" */;
			buildSettings = {
			};
			buildStyles = (
				ADC70BADC2654DEAB86DC1B9 /* Debug */,
				7112E2DFA10E4C06B3130021 /* Release */,
				8BADD945B0414537A823F584 /* MinSizeRel */,
				71D097A4A5A144BF9E026399 /* RelWithDebInfo */,
			);
			compatibilityVersion = "Xcode 3.2";
			hasScannedForEncodings = 0;
			mainGroup = 5032F2C127E343E795D6352C;
			projectDirPath = ../;
			projectRoot = "";
			targets = (
				4564A5EC9402483CAFFFFEC6 /* ALL_BUILD */,
				1176531998AF47D0A7B3A355 /* ZERO_CHECK */,
				008E2BC080FA465F814F6EF8 /* pcl */,
			);
		};
/* End PBXProject section */

/* Begin PBXShellScriptBuildPhase section */
		9D590CE256BE4D84B339B862 /* CMake Rules */ = {
			isa = PBXShellScriptBuildPhase;
			buildActionMask = 2147483647;
			files = (
			);
			name = "CMake Rules";
			runOnlyForDeploymentPostprocessing = 0;
			shellPath = /bin/sh;
			shellScript = "make -C /Users/T_O/pcl-superbuild/iOSWrapper/build.sim -f /Users/T_O/pcl-superbuild/iOSWrapper/build.sim/CMakeScripts/ALL_BUILD_cmakeRulesBuildPhase.make$CONFIGURATION all";
			showEnvVarsInLog = 0;
		};
		A6C12A4860234B1EBB32C212 = {
			isa = PBXShellScriptBuildPhase;
			buildActionMask = 2147483647;
			files = (
			);
			inputPaths = (
			);
			outputPaths = (
			);
			runOnlyForDeploymentPostprocessing = 0;
			shellPath = /bin/sh;
			shellScript = "# shell script goes here
exit 0";
			showEnvVarsInLog = 0;
		};
		ACB4918451974966A86BEB47 = {
			isa = PBXShellScriptBuildPhase;
			buildActionMask = 2147483647;
			files = (
			);
			inputPaths = (
			);
			outputPaths = (
			);
			runOnlyForDeploymentPostprocessing = 0;
			shellPath = /bin/sh;
			shellScript = "# shell script goes here
exit 0";
			showEnvVarsInLog = 0;
		};
		B96F6F3092334AD8BF22678B /* CMake Rules */ = {
			isa = PBXShellScriptBuildPhase;
			buildActionMask = 2147483647;
			files = (
			);
			name = "CMake Rules";
			runOnlyForDeploymentPostprocessing = 0;
			shellPath = /bin/sh;
			shellScript = "make -C /Users/T_O/pcl-superbuild/iOSWrapper/build.sim -f /Users/T_O/pcl-superbuild/iOSWrapper/build.sim/CMakeScripts/ZERO_CHECK_cmakeRulesBuildPhase.make$CONFIGURATION all";
			showEnvVarsInLog = 0;
		};
/* End PBXShellScriptBuildPhase section */

/* Begin PBXSourcesBuildPhase section */
		453DC45182BB42189E8A2B51 /* Sources */ = {
			isa = PBXSourcesBuildPhase;
			buildActionMask = 2147483647;
			files = (
				A239D8A53D66497197C495B2 /* /Users/T_O/pcl-superbuild/iOSWrapper/PointCloudLibraryWrapper.cpp */,
			);
			runOnlyForDeploymentPostprocessing = 0;
		};
/* End PBXSourcesBuildPhase section */

/* Begin PBXTargetDependency section */
		4531662CD0B94F968F9028D1 /* PBXTargetDependency */ = {
			isa = PBXTargetDependency;
			target = 1176531998AF47D0A7B3A355 /* ZERO_CHECK */;
			targetProxy = AD3E80FA3FF04C199FBF8A3C /* PBXContainerItemProxy */;
		};
		C5C8DF0D32BC4FBF9664F00D /* PBXTargetDependency */ = {
			isa = PBXTargetDependency;
			target = 008E2BC080FA465F814F6EF8 /* pcl */;
			targetProxy = 35E6E8BF4783448EBCD992CB /* PBXContainerItemProxy */;
		};
		FB3DC5DBF2004EDF9F7B1C00 /* PBXTargetDependency */ = {
			isa = PBXTargetDependency;
			target = 1176531998AF47D0A7B3A355 /* ZERO_CHECK */;
			targetProxy = 8F045428624F45AABF830EDA /* PBXContainerItemProxy */;
		};
/* End PBXTargetDependency section */

/* Begin XCBuildConfiguration section */
		00782FA2BE604AFC8387EEF5 /* Debug */ = {
			isa = XCBuildConfiguration;
			buildSettings = {
				COMBINE_HIDPI_IMAGES = YES;
				GCC_GENERATE_DEBUGGING_SYMBOLS = YES;
				GCC_INLINES_ARE_PRIVATE_EXTERN = NO;
				GCC_OPTIMIZATION_LEVEL = 0;
				GCC_PREPROCESSOR_DEFINITIONS = ("'CMAKE_INTDIR=\"$(CONFIGURATION)$(EFFECTIVE_PLATFORM_NAME)\"'");
				GCC_SYMBOLS_PRIVATE_EXTERN = NO;
				HEADER_SEARCH_PATHS = ("/Users/T_O/pcl-superbuild/iOSWrapper/../build/CMakeExternals/Install/eigen");
				INSTALL_PATH = "";
				OTHER_LDFLAGS = " ";
				OTHER_REZFLAGS = "";
				PRODUCT_NAME = ZERO_CHECK;
				SECTORDER_FLAGS = "";
				SYMROOT = "/Users/T_O/pcl-superbuild/iOSWrapper/build.sim";
				USE_HEADERMAP = NO;
				WARNING_CFLAGS = ("-Wmost","-Wno-four-char-constants","-Wno-unknown-pragmas","$(inherited)");
			};
			name = Debug;
		};
		10DC0E75B26749068C3E8FFD /* Debug */ = {
			isa = XCBuildConfiguration;
			buildSettings = {
				COMBINE_HIDPI_IMAGES = YES;
				GCC_GENERATE_DEBUGGING_SYMBOLS = YES;
				GCC_INLINES_ARE_PRIVATE_EXTERN = NO;
				GCC_OPTIMIZATION_LEVEL = 0;
				GCC_PREPROCESSOR_DEFINITIONS = ("'CMAKE_INTDIR=\"$(CONFIGURATION)$(EFFECTIVE_PLATFORM_NAME)\"'");
				GCC_SYMBOLS_PRIVATE_EXTERN = NO;
				HEADER_SEARCH_PATHS = ("/Users/T_O/pcl-superbuild/iOSWrapper/../build/CMakeExternals/Install/eigen");
				INSTALL_PATH = "";
				OTHER_LDFLAGS = " ";
				OTHER_REZFLAGS = "";
				PRODUCT_NAME = ALL_BUILD;
				SECTORDER_FLAGS = "";
				SYMROOT = "/Users/T_O/pcl-superbuild/iOSWrapper/build.sim";
				USE_HEADERMAP = NO;
				WARNING_CFLAGS = ("-Wmost","-Wno-four-char-constants","-Wno-unknown-pragmas","$(inherited)");
			};
			name = Debug;
		};
		1960A8C1A0CC47A095E74BC0 /* Release */ = {
			isa = XCBuildConfiguration;
			buildSettings = {
				ARCHS = i386;
				SDKROOT = /Applications/Xcode.app/Contents/Developer/Platforms/iPhoneOS.platform/Developer/SDKs/iPhoneOS11.2.sdk;
				SYMROOT = "/Users/T_O/pcl-superbuild/iOSWrapper/build.sim/build";
			};
			name = Release;
		};
		243CAC0A22CD4535A6351AB3 /* Release */ = {
			isa = XCBuildConfiguration;
			buildSettings = {
				COMBINE_HIDPI_IMAGES = YES;
				GCC_GENERATE_DEBUGGING_SYMBOLS = YES;
				GCC_INLINES_ARE_PRIVATE_EXTERN = NO;
				GCC_OPTIMIZATION_LEVEL = 0;
				GCC_PREPROCESSOR_DEFINITIONS = ("'CMAKE_INTDIR=\"$(CONFIGURATION)$(EFFECTIVE_PLATFORM_NAME)\"'");
				GCC_SYMBOLS_PRIVATE_EXTERN = NO;
				HEADER_SEARCH_PATHS = ("/Users/T_O/pcl-superbuild/iOSWrapper/../build/CMakeExternals/Install/eigen");
				INSTALL_PATH = "";
				OTHER_LDFLAGS = " ";
				OTHER_REZFLAGS = "";
				PRODUCT_NAME = ALL_BUILD;
				SECTORDER_FLAGS = "";
				SYMROOT = "/Users/T_O/pcl-superbuild/iOSWrapper/build.sim";
				USE_HEADERMAP = NO;
				WARNING_CFLAGS = ("-Wmost","-Wno-four-char-constants","-Wno-unknown-pragmas","$(inherited)");
			};
			name = Release;
		};
		24C1F473CD274A9E9F5E4EBD /* Release */ = {
			isa = XCBuildConfiguration;
			buildSettings = {
				ARCHS = i386;
				CODE_SIGN_IDENTITY = "iPhone Developer";
				COMBINE_HIDPI_IMAGES = YES;
				DYLIB_COMPATIBILITY_VERSION = 1.0.0;
				DYLIB_CURRENT_VERSION = 1.0.0;
				EXECUTABLE_PREFIX = "";
				EXECUTABLE_SUFFIX = "";
				FRAMEWORK_VERSION = A;
				GCC_GENERATE_DEBUGGING_SYMBOLS = NO;
				GCC_INLINES_ARE_PRIVATE_EXTERN = NO;
				GCC_OPTIMIZATION_LEVEL = 0;
				GCC_PREPROCESSOR_DEFINITIONS = ("'CMAKE_INTDIR=\"$(CONFIGURATION)$(EFFECTIVE_PLATFORM_NAME)\"'",pcl_EXPORTS);
				GCC_SYMBOLS_PRIVATE_EXTERN = NO;
				HEADER_SEARCH_PATHS = ("/Users/T_O/pcl-superbuild/iOSWrapper/../build/CMakeExternals/Install/eigen","/Users/T_O/pcl-superbuild/iOSWrapper/../build/CMakeExternals/Install/boost-ios-device/include","/Users/T_O/pcl-superbuild/iOSWrapper/../build/CMakeExternals/Install/flann-ios-device/include","/Users/T_O/pcl-superbuild/iOSWrapper/../build/CMakeExternals/Install/qhull-ios-device/include","/Users/T_O/pcl-superbuild/iOSWrapper/../build/CMakeExternals/Install/pcl-ios-device/include/pcl-1.8");
				INFOPLIST_FILE = "/Users/T_O/pcl-superbuild/iOSWrapper/build.sim/CMakeFiles/pcl.dir/Info.plist";
				INSTALL_PATH = "/Users/T_O/pcl-superbuild/iOSWrapper/build.sim/Release${EFFECTIVE_PLATFORM_NAME}";
				IPHONEOS_DEPLOYMENT_TARGET = 8.0;
				LIBRARY_SEARCH_PATHS = "";
				LIBRARY_STYLE = DYNAMIC;
				ONLY_ACTIVE_ARCH = NO;
				OTHER_CFLAGS = "-fvisibility=hidden -fvisibility-inlines-hidden";
				OTHER_CPLUSPLUSFLAGS = "-fvisibility=hidden -fvisibility-inlines-hidden -isysroot /Applications/Xcode.app/Contents/Developer/Platforms/iPhoneOS.platform/Developer/SDKs/iPhoneOS11.2.sdk -fPIC -fvisibility=hidden -fvisibility-inlines-hidden  ";
				OTHER_LDFLAGS = "-Wall  /Users/T_O/pcl-superbuild/iOSWrapper/../build/CMakeExternals/Install/boost-ios-device/lib/libboost_date_time.a /Users/T_O/pcl-superbuild/iOSWrapper/../build/CMakeExternals/Install/boost-ios-device/lib/libboost_filesystem.a /Users/T_O/pcl-superbuild/iOSWrapper/../build/CMakeExternals/Install/boost-ios-device/lib/libboost_iostreams.a /Users/T_O/pcl-superbuild/iOSWrapper/../build/CMakeExternals/Install/boost-ios-device/lib/libboost_program_options.a /Users/T_O/pcl-superbuild/iOSWrapper/../build/CMakeExternals/Install/boost-ios-device/lib/libboost_regex.a /Users/T_O/pcl-superbuild/iOSWrapper/../build/CMakeExternals/Install/boost-ios-device/lib/libboost_signals.a /Users/T_O/pcl-superbuild/iOSWrapper/../build/CMakeExternals/Install/boost-ios-device/lib/libboost_system.a /Users/T_O/pcl-superbuild/iOSWrapper/../build/CMakeExternals/Install/boost-ios-device/lib/libboost_thread.a /Users/T_O/pcl-superbuild/iOSWrapper/../build/CMakeExternals/Install/flann-ios-device/lib/libflann_cpp_s.a /Users/T_O/pcl-superbuild/iOSWrapper/../build/CMakeExternals/Install/pcl-ios-device/lib/libpcl_common.a /Users/T_O/pcl-superbuild/iOSWrapper/../build/CMakeExternals/Install/pcl-ios-device/lib/libpcl_io.a /Users/T_O/pcl-superbuild/iOSWrapper/../build/CMakeExternals/Install/pcl-ios-device/lib/libpcl_io_ply.a /Users/T_O/pcl-superbuild/iOSWrapper/../build/CMakeExternals/Install/pcl-ios-device/lib/libpcl_kdtree.a /Users/T_O/pcl-superbuild/iOSWrapper/../build/CMakeExternals/Install/pcl-ios-device/lib/libpcl_ml.a /Users/T_O/pcl-superbuild/iOSWrapper/../build/CMakeExternals/Install/pcl-ios-device/lib/libpcl_octree.a /Users/T_O/pcl-superbuild/iOSWrapper/../build/CMakeExternals/Install/pcl-ios-device/lib/libpcl_search.a /Users/T_O/pcl-superbuild/iOSWrapper/../build/CMakeExternals/Install/pcl-ios-device/lib/libpcl_stereo.a /Users/T_O/pcl-superbuild/iOSWrapper/../build/CMakeExternals/Install/pcl-ios-device/lib/libpcl_surface.a";
				OTHER_REZFLAGS = "";
				PRODUCT_NAME = pcl;
				SECTORDER_FLAGS = "";
				SYMROOT = "/Users/T_O/pcl-superbuild/iOSWrapper/build.sim";
				USE_HEADERMAP = NO;
				WARNING_CFLAGS = ("-Wmost","-Wno-four-char-constants","-Wno-unknown-pragmas","$(inherited)");
			};
			name = Release;
		};
		269D307FF0E64773BAE9658F /* RelWithDebInfo */ = {
			isa = XCBuildConfiguration;
			buildSettings = {
				ARCHS = i386;
				CODE_SIGN_IDENTITY = "iPhone Developer";
				COMBINE_HIDPI_IMAGES = YES;
				DYLIB_COMPATIBILITY_VERSION = 1.0.0;
				DYLIB_CURRENT_VERSION = 1.0.0;
				EXECUTABLE_PREFIX = "";
				EXECUTABLE_SUFFIX = "";
				FRAMEWORK_VERSION = A;
				GCC_GENERATE_DEBUGGING_SYMBOLS = NO;
				GCC_INLINES_ARE_PRIVATE_EXTERN = NO;
				GCC_OPTIMIZATION_LEVEL = 0;
				GCC_PREPROCESSOR_DEFINITIONS = ("'CMAKE_INTDIR=\"$(CONFIGURATION)$(EFFECTIVE_PLATFORM_NAME)\"'",pcl_EXPORTS);
				GCC_SYMBOLS_PRIVATE_EXTERN = NO;
				HEADER_SEARCH_PATHS = ("/Users/T_O/pcl-superbuild/iOSWrapper/../build/CMakeExternals/Install/eigen","/Users/T_O/pcl-superbuild/iOSWrapper/../build/CMakeExternals/Install/boost-ios-device/include","/Users/T_O/pcl-superbuild/iOSWrapper/../build/CMakeExternals/Install/flann-ios-device/include","/Users/T_O/pcl-superbuild/iOSWrapper/../build/CMakeExternals/Install/qhull-ios-device/include","/Users/T_O/pcl-superbuild/iOSWrapper/../build/CMakeExternals/Install/pcl-ios-device/include/pcl-1.8");
				INFOPLIST_FILE = "/Users/T_O/pcl-superbuild/iOSWrapper/build.sim/CMakeFiles/pcl.dir/Info.plist";
				INSTALL_PATH = "/Users/T_O/pcl-superbuild/iOSWrapper/build.sim/RelWithDebInfo${EFFECTIVE_PLATFORM_NAME}";
				IPHONEOS_DEPLOYMENT_TARGET = 8.0;
				LIBRARY_SEARCH_PATHS = "";
				LIBRARY_STYLE = DYNAMIC;
				ONLY_ACTIVE_ARCH = NO;
				OTHER_CFLAGS = "-fvisibility=hidden -fvisibility-inlines-hidden";
				OTHER_CPLUSPLUSFLAGS = "-fvisibility=hidden -fvisibility-inlines-hidden -isysroot /Applications/Xcode.app/Contents/Developer/Platforms/iPhoneOS.platform/Developer/SDKs/iPhoneOS11.2.sdk -fPIC -fvisibility=hidden -fvisibility-inlines-hidden  ";
				OTHER_LDFLAGS = "-Wall  /Users/T_O/pcl-superbuild/iOSWrapper/../build/CMakeExternals/Install/boost-ios-device/lib/libboost_date_time.a /Users/T_O/pcl-superbuild/iOSWrapper/../build/CMakeExternals/Install/boost-ios-device/lib/libboost_filesystem.a /Users/T_O/pcl-superbuild/iOSWrapper/../build/CMakeExternals/Install/boost-ios-device/lib/libboost_iostreams.a /Users/T_O/pcl-superbuild/iOSWrapper/../build/CMakeExternals/Install/boost-ios-device/lib/libboost_program_options.a /Users/T_O/pcl-superbuild/iOSWrapper/../build/CMakeExternals/Install/boost-ios-device/lib/libboost_regex.a /Users/T_O/pcl-superbuild/iOSWrapper/../build/CMakeExternals/Install/boost-ios-device/lib/libboost_signals.a /Users/T_O/pcl-superbuild/iOSWrapper/../build/CMakeExternals/Install/boost-ios-device/lib/libboost_system.a /Users/T_O/pcl-superbuild/iOSWrapper/../build/CMakeExternals/Install/boost-ios-device/lib/libboost_thread.a /Users/T_O/pcl-superbuild/iOSWrapper/../build/CMakeExternals/Install/flann-ios-device/lib/libflann_cpp_s.a /Users/T_O/pcl-superbuild/iOSWrapper/../build/CMakeExternals/Install/pcl-ios-device/lib/libpcl_common.a /Users/T_O/pcl-superbuild/iOSWrapper/../build/CMakeExternals/Install/pcl-ios-device/lib/libpcl_io.a /Users/T_O/pcl-superbuild/iOSWrapper/../build/CMakeExternals/Install/pcl-ios-device/lib/libpcl_io_ply.a /Users/T_O/pcl-superbuild/iOSWrapper/../build/CMakeExternals/Install/pcl-ios-device/lib/libpcl_kdtree.a /Users/T_O/pcl-superbuild/iOSWrapper/../build/CMakeExternals/Install/pcl-ios-device/lib/libpcl_ml.a /Users/T_O/pcl-superbuild/iOSWrapper/../build/CMakeExternals/Install/pcl-ios-device/lib/libpcl_octree.a /Users/T_O/pcl-superbuild/iOSWrapper/../build/CMakeExternals/Install/pcl-ios-device/lib/libpcl_search.a /Users/T_O/pcl-superbuild/iOSWrapper/../build/CMakeExternals/Install/pcl-ios-device/lib/libpcl_stereo.a /Users/T_O/pcl-superbuild/iOSWrapper/../build/CMakeExternals/Install/pcl-ios-device/lib/libpcl_surface.a";
				OTHER_REZFLAGS = "";
				PRODUCT_NAME = pcl;
				SECTORDER_FLAGS = "";
				SYMROOT = "/Users/T_O/pcl-superbuild/iOSWrapper/build.sim";
				USE_HEADERMAP = NO;
				WARNING_CFLAGS = ("-Wmost","-Wno-four-char-constants","-Wno-unknown-pragmas","$(inherited)");
			};
			name = RelWithDebInfo;
		};
		2D93C7005DB14024A88A4FE6 /* MinSizeRel */ = {
			isa = XCBuildConfiguration;
			buildSettings = {
				ARCHS = i386;
				SDKROOT = /Applications/Xcode.app/Contents/Developer/Platforms/iPhoneOS.platform/Developer/SDKs/iPhoneOS11.2.sdk;
				SYMROOT = "/Users/T_O/pcl-superbuild/iOSWrapper/build.sim/build";
			};
			name = MinSizeRel;
		};
		3D7BAC29B2F44EC787CE0F46 /* Release */ = {
			isa = XCBuildConfiguration;
			buildSettings = {
				COMBINE_HIDPI_IMAGES = YES;
				GCC_GENERATE_DEBUGGING_SYMBOLS = YES;
				GCC_INLINES_ARE_PRIVATE_EXTERN = NO;
				GCC_OPTIMIZATION_LEVEL = 0;
				GCC_PREPROCESSOR_DEFINITIONS = ("'CMAKE_INTDIR=\"$(CONFIGURATION)$(EFFECTIVE_PLATFORM_NAME)\"'");
				GCC_SYMBOLS_PRIVATE_EXTERN = NO;
				HEADER_SEARCH_PATHS = ("/Users/T_O/pcl-superbuild/iOSWrapper/../build/CMakeExternals/Install/eigen");
				INSTALL_PATH = "";
				OTHER_LDFLAGS = " ";
				OTHER_REZFLAGS = "";
				PRODUCT_NAME = ZERO_CHECK;
				SECTORDER_FLAGS = "";
				SYMROOT = "/Users/T_O/pcl-superbuild/iOSWrapper/build.sim";
				USE_HEADERMAP = NO;
				WARNING_CFLAGS = ("-Wmost","-Wno-four-char-constants","-Wno-unknown-pragmas","$(inherited)");
			};
			name = Release;
		};
		43BC58E16D3B4829BEBE4DDE /* RelWithDebInfo */ = {
			isa = XCBuildConfiguration;
			buildSettings = {
				COMBINE_HIDPI_IMAGES = YES;
				GCC_GENERATE_DEBUGGING_SYMBOLS = YES;
				GCC_INLINES_ARE_PRIVATE_EXTERN = NO;
				GCC_OPTIMIZATION_LEVEL = 0;
				GCC_PREPROCESSOR_DEFINITIONS = ("'CMAKE_INTDIR=\"$(CONFIGURATION)$(EFFECTIVE_PLATFORM_NAME)\"'");
				GCC_SYMBOLS_PRIVATE_EXTERN = NO;
				HEADER_SEARCH_PATHS = ("/Users/T_O/pcl-superbuild/iOSWrapper/../build/CMakeExternals/Install/eigen");
				INSTALL_PATH = "";
				OTHER_LDFLAGS = " ";
				OTHER_REZFLAGS = "";
				PRODUCT_NAME = ZERO_CHECK;
				SECTORDER_FLAGS = "";
				SYMROOT = "/Users/T_O/pcl-superbuild/iOSWrapper/build.sim";
				USE_HEADERMAP = NO;
				WARNING_CFLAGS = ("-Wmost","-Wno-four-char-constants","-Wno-unknown-pragmas","$(inherited)");
			};
			name = RelWithDebInfo;
		};
		7107FE92A4DF4E3ABA185219 /* RelWithDebInfo */ = {
			isa = XCBuildConfiguration;
			buildSettings = {
				ARCHS = i386;
				SDKROOT = /Applications/Xcode.app/Contents/Developer/Platforms/iPhoneOS.platform/Developer/SDKs/iPhoneOS11.2.sdk;
				SYMROOT = "/Users/T_O/pcl-superbuild/iOSWrapper/build.sim/build";
			};
			name = RelWithDebInfo;
		};
		8F6C9414E5444B90ADA35B90 /* MinSizeRel */ = {
			isa = XCBuildConfiguration;
			buildSettings = {
				COMBINE_HIDPI_IMAGES = YES;
				GCC_GENERATE_DEBUGGING_SYMBOLS = YES;
				GCC_INLINES_ARE_PRIVATE_EXTERN = NO;
				GCC_OPTIMIZATION_LEVEL = 0;
				GCC_PREPROCESSOR_DEFINITIONS = ("'CMAKE_INTDIR=\"$(CONFIGURATION)$(EFFECTIVE_PLATFORM_NAME)\"'");
				GCC_SYMBOLS_PRIVATE_EXTERN = NO;
				HEADER_SEARCH_PATHS = ("/Users/T_O/pcl-superbuild/iOSWrapper/../build/CMakeExternals/Install/eigen");
				INSTALL_PATH = "";
				OTHER_LDFLAGS = " ";
				OTHER_REZFLAGS = "";
				PRODUCT_NAME = ZERO_CHECK;
				SECTORDER_FLAGS = "";
				SYMROOT = "/Users/T_O/pcl-superbuild/iOSWrapper/build.sim";
				USE_HEADERMAP = NO;
				WARNING_CFLAGS = ("-Wmost","-Wno-four-char-constants","-Wno-unknown-pragmas","$(inherited)");
			};
			name = MinSizeRel;
		};
		91F81AB3A1AB4C2B8A95CAD1 /* Debug */ = {
			isa = XCBuildConfiguration;
			buildSettings = {
				ARCHS = i386;
				CODE_SIGN_IDENTITY = "iPhone Developer";
				COMBINE_HIDPI_IMAGES = YES;
				DYLIB_COMPATIBILITY_VERSION = 1.0.0;
				DYLIB_CURRENT_VERSION = 1.0.0;
				EXECUTABLE_PREFIX = "";
				EXECUTABLE_SUFFIX = "";
				FRAMEWORK_VERSION = A;
				GCC_GENERATE_DEBUGGING_SYMBOLS = NO;
				GCC_INLINES_ARE_PRIVATE_EXTERN = NO;
				GCC_OPTIMIZATION_LEVEL = 0;
				GCC_PREPROCESSOR_DEFINITIONS = ("'CMAKE_INTDIR=\"$(CONFIGURATION)$(EFFECTIVE_PLATFORM_NAME)\"'",pcl_EXPORTS);
				GCC_SYMBOLS_PRIVATE_EXTERN = NO;
				HEADER_SEARCH_PATHS = ("/Users/T_O/pcl-superbuild/iOSWrapper/../build/CMakeExternals/Install/eigen","/Users/T_O/pcl-superbuild/iOSWrapper/../build/CMakeExternals/Install/boost-ios-device/include","/Users/T_O/pcl-superbuild/iOSWrapper/../build/CMakeExternals/Install/flann-ios-device/include","/Users/T_O/pcl-superbuild/iOSWrapper/../build/CMakeExternals/Install/qhull-ios-device/include","/Users/T_O/pcl-superbuild/iOSWrapper/../build/CMakeExternals/Install/pcl-ios-device/include/pcl-1.8");
				INFOPLIST_FILE = "/Users/T_O/pcl-superbuild/iOSWrapper/build.sim/CMakeFiles/pcl.dir/Info.plist";
				INSTALL_PATH = "/Users/T_O/pcl-superbuild/iOSWrapper/build.sim/Debug${EFFECTIVE_PLATFORM_NAME}";
				IPHONEOS_DEPLOYMENT_TARGET = 8.0;
				LIBRARY_SEARCH_PATHS = "";
				LIBRARY_STYLE = DYNAMIC;
				ONLY_ACTIVE_ARCH = NO;
				OTHER_CFLAGS = "-fvisibility=hidden -fvisibility-inlines-hidden";
				OTHER_CPLUSPLUSFLAGS = "-fvisibility=hidden -fvisibility-inlines-hidden -isysroot /Applications/Xcode.app/Contents/Developer/Platforms/iPhoneOS.platform/Developer/SDKs/iPhoneOS11.2.sdk -fPIC -fvisibility=hidden -fvisibility-inlines-hidden  ";
				OTHER_LDFLAGS = "-Wall  /Users/T_O/pcl-superbuild/iOSWrapper/../build/CMakeExternals/Install/boost-ios-device/lib/libboost_date_time.a /Users/T_O/pcl-superbuild/iOSWrapper/../build/CMakeExternals/Install/boost-ios-device/lib/libboost_filesystem.a /Users/T_O/pcl-superbuild/iOSWrapper/../build/CMakeExternals/Install/boost-ios-device/lib/libboost_iostreams.a /Users/T_O/pcl-superbuild/iOSWrapper/../build/CMakeExternals/Install/boost-ios-device/lib/libboost_program_options.a /Users/T_O/pcl-superbuild/iOSWrapper/../build/CMakeExternals/Install/boost-ios-device/lib/libboost_regex.a /Users/T_O/pcl-superbuild/iOSWrapper/../build/CMakeExternals/Install/boost-ios-device/lib/libboost_signals.a /Users/T_O/pcl-superbuild/iOSWrapper/../build/CMakeExternals/Install/boost-ios-device/lib/libboost_system.a /Users/T_O/pcl-superbuild/iOSWrapper/../build/CMakeExternals/Install/boost-ios-device/lib/libboost_thread.a /Users/T_O/pcl-superbuild/iOSWrapper/../build/CMakeExternals/Install/flann-ios-device/lib/libflann_cpp_s.a /Users/T_O/pcl-superbuild/iOSWrapper/../build/CMakeExternals/Install/pcl-ios-device/lib/libpcl_common.a /Users/T_O/pcl-superbuild/iOSWrapper/../build/CMakeExternals/Install/pcl-ios-device/lib/libpcl_io.a /Users/T_O/pcl-superbuild/iOSWrapper/../build/CMakeExternals/Install/pcl-ios-device/lib/libpcl_io_ply.a /Users/T_O/pcl-superbuild/iOSWrapper/../build/CMakeExternals/Install/pcl-ios-device/lib/libpcl_kdtree.a /Users/T_O/pcl-superbuild/iOSWrapper/../build/CMakeExternals/Install/pcl-ios-device/lib/libpcl_ml.a /Users/T_O/pcl-superbuild/iOSWrapper/../build/CMakeExternals/Install/pcl-ios-device/lib/libpcl_octree.a /Users/T_O/pcl-superbuild/iOSWrapper/../build/CMakeExternals/Install/pcl-ios-device/lib/libpcl_search.a /Users/T_O/pcl-superbuild/iOSWrapper/../build/CMakeExternals/Install/pcl-ios-device/lib/libpcl_stereo.a /Users/T_O/pcl-superbuild/iOSWrapper/../build/CMakeExternals/Install/pcl-ios-device/lib/libpcl_surface.a";
				OTHER_REZFLAGS = "";
				PRODUCT_NAME = pcl;
				SECTORDER_FLAGS = "";
				SYMROOT = "/Users/T_O/pcl-superbuild/iOSWrapper/build.sim";
				USE_HEADERMAP = NO;
				WARNING_CFLAGS = ("-Wmost","-Wno-four-char-constants","-Wno-unknown-pragmas","$(inherited)");
			};
			name = Debug;
		};
		963EC87B19BF4AE7B15AA159 /* MinSizeRel */ = {
			isa = XCBuildConfiguration;
			buildSettings = {
				COMBINE_HIDPI_IMAGES = YES;
				GCC_GENERATE_DEBUGGING_SYMBOLS = YES;
				GCC_INLINES_ARE_PRIVATE_EXTERN = NO;
				GCC_OPTIMIZATION_LEVEL = 0;
				GCC_PREPROCESSOR_DEFINITIONS = ("'CMAKE_INTDIR=\"$(CONFIGURATION)$(EFFECTIVE_PLATFORM_NAME)\"'");
				GCC_SYMBOLS_PRIVATE_EXTERN = NO;
				HEADER_SEARCH_PATHS = ("/Users/T_O/pcl-superbuild/iOSWrapper/../build/CMakeExternals/Install/eigen");
				INSTALL_PATH = "";
				OTHER_LDFLAGS = " ";
				OTHER_REZFLAGS = "";
				PRODUCT_NAME = ALL_BUILD;
				SECTORDER_FLAGS = "";
				SYMROOT = "/Users/T_O/pcl-superbuild/iOSWrapper/build.sim";
				USE_HEADERMAP = NO;
				WARNING_CFLAGS = ("-Wmost","-Wno-four-char-constants","-Wno-unknown-pragmas","$(inherited)");
			};
			name = MinSizeRel;
		};
		AC069C6649D14D488000BF1A /* Debug */ = {
			isa = XCBuildConfiguration;
			buildSettings = {
				ARCHS = i386;
				SDKROOT = /Applications/Xcode.app/Contents/Developer/Platforms/iPhoneOS.platform/Developer/SDKs/iPhoneOS11.2.sdk;
				SYMROOT = "/Users/T_O/pcl-superbuild/iOSWrapper/build.sim/build";
			};
			name = Debug;
		};
		E8B2FE44F6DC4CFD8E7DEBEA /* MinSizeRel */ = {
			isa = XCBuildConfiguration;
			buildSettings = {
				ARCHS = i386;
				CODE_SIGN_IDENTITY = "iPhone Developer";
				COMBINE_HIDPI_IMAGES = YES;
				DYLIB_COMPATIBILITY_VERSION = 1.0.0;
				DYLIB_CURRENT_VERSION = 1.0.0;
				EXECUTABLE_PREFIX = "";
				EXECUTABLE_SUFFIX = "";
				FRAMEWORK_VERSION = A;
				GCC_GENERATE_DEBUGGING_SYMBOLS = NO;
				GCC_INLINES_ARE_PRIVATE_EXTERN = NO;
				GCC_OPTIMIZATION_LEVEL = 0;
				GCC_PREPROCESSOR_DEFINITIONS = ("'CMAKE_INTDIR=\"$(CONFIGURATION)$(EFFECTIVE_PLATFORM_NAME)\"'",pcl_EXPORTS);
				GCC_SYMBOLS_PRIVATE_EXTERN = NO;
				HEADER_SEARCH_PATHS = ("/Users/T_O/pcl-superbuild/iOSWrapper/../build/CMakeExternals/Install/eigen","/Users/T_O/pcl-superbuild/iOSWrapper/../build/CMakeExternals/Install/boost-ios-device/include","/Users/T_O/pcl-superbuild/iOSWrapper/../build/CMakeExternals/Install/flann-ios-device/include","/Users/T_O/pcl-superbuild/iOSWrapper/../build/CMakeExternals/Install/qhull-ios-device/include","/Users/T_O/pcl-superbuild/iOSWrapper/../build/CMakeExternals/Install/pcl-ios-device/include/pcl-1.8");
				INFOPLIST_FILE = "/Users/T_O/pcl-superbuild/iOSWrapper/build.sim/CMakeFiles/pcl.dir/Info.plist";
				INSTALL_PATH = "/Users/T_O/pcl-superbuild/iOSWrapper/build.sim/MinSizeRel${EFFECTIVE_PLATFORM_NAME}";
				IPHONEOS_DEPLOYMENT_TARGET = 8.0;
				LIBRARY_SEARCH_PATHS = "";
				LIBRARY_STYLE = DYNAMIC;
				ONLY_ACTIVE_ARCH = NO;
				OTHER_CFLAGS = "-fvisibility=hidden -fvisibility-inlines-hidden";
				OTHER_CPLUSPLUSFLAGS = "-fvisibility=hidden -fvisibility-inlines-hidden -isysroot /Applications/Xcode.app/Contents/Developer/Platforms/iPhoneOS.platform/Developer/SDKs/iPhoneOS11.2.sdk -fPIC -fvisibility=hidden -fvisibility-inlines-hidden  ";
				OTHER_LDFLAGS = "-Wall  /Users/T_O/pcl-superbuild/iOSWrapper/../build/CMakeExternals/Install/boost-ios-device/lib/libboost_date_time.a /Users/T_O/pcl-superbuild/iOSWrapper/../build/CMakeExternals/Install/boost-ios-device/lib/libboost_filesystem.a /Users/T_O/pcl-superbuild/iOSWrapper/../build/CMakeExternals/Install/boost-ios-device/lib/libboost_iostreams.a /Users/T_O/pcl-superbuild/iOSWrapper/../build/CMakeExternals/Install/boost-ios-device/lib/libboost_program_options.a /Users/T_O/pcl-superbuild/iOSWrapper/../build/CMakeExternals/Install/boost-ios-device/lib/libboost_regex.a /Users/T_O/pcl-superbuild/iOSWrapper/../build/CMakeExternals/Install/boost-ios-device/lib/libboost_signals.a /Users/T_O/pcl-superbuild/iOSWrapper/../build/CMakeExternals/Install/boost-ios-device/lib/libboost_system.a /Users/T_O/pcl-superbuild/iOSWrapper/../build/CMakeExternals/Install/boost-ios-device/lib/libboost_thread.a /Users/T_O/pcl-superbuild/iOSWrapper/../build/CMakeExternals/Install/flann-ios-device/lib/libflann_cpp_s.a /Users/T_O/pcl-superbuild/iOSWrapper/../build/CMakeExternals/Install/pcl-ios-device/lib/libpcl_common.a /Users/T_O/pcl-superbuild/iOSWrapper/../build/CMakeExternals/Install/pcl-ios-device/lib/libpcl_io.a /Users/T_O/pcl-superbuild/iOSWrapper/../build/CMakeExternals/Install/pcl-ios-device/lib/libpcl_io_ply.a /Users/T_O/pcl-superbuild/iOSWrapper/../build/CMakeExternals/Install/pcl-ios-device/lib/libpcl_kdtree.a /Users/T_O/pcl-superbuild/iOSWrapper/../build/CMakeExternals/Install/pcl-ios-device/lib/libpcl_ml.a /Users/T_O/pcl-superbuild/iOSWrapper/../build/CMakeExternals/Install/pcl-ios-device/lib/libpcl_octree.a /Users/T_O/pcl-superbuild/iOSWrapper/../build/CMakeExternals/Install/pcl-ios-device/lib/libpcl_search.a /Users/T_O/pcl-superbuild/iOSWrapper/../build/CMakeExternals/Install/pcl-ios-device/lib/libpcl_stereo.a /Users/T_O/pcl-superbuild/iOSWrapper/../build/CMakeExternals/Install/pcl-ios-device/lib/libpcl_surface.a";
				OTHER_REZFLAGS = "";
				PRODUCT_NAME = pcl;
				SECTORDER_FLAGS = "";
				SYMROOT = "/Users/T_O/pcl-superbuild/iOSWrapper/build.sim";
				USE_HEADERMAP = NO;
				WARNING_CFLAGS = ("-Wmost","-Wno-four-char-constants","-Wno-unknown-pragmas","$(inherited)");
			};
			name = MinSizeRel;
		};
		FEF6AEC4F133422E9B680B32 /* RelWithDebInfo */ = {
			isa = XCBuildConfiguration;
			buildSettings = {
				COMBINE_HIDPI_IMAGES = YES;
				GCC_GENERATE_DEBUGGING_SYMBOLS = YES;
				GCC_INLINES_ARE_PRIVATE_EXTERN = NO;
				GCC_OPTIMIZATION_LEVEL = 0;
				GCC_PREPROCESSOR_DEFINITIONS = ("'CMAKE_INTDIR=\"$(CONFIGURATION)$(EFFECTIVE_PLATFORM_NAME)\"'");
				GCC_SYMBOLS_PRIVATE_EXTERN = NO;
				HEADER_SEARCH_PATHS = ("/Users/T_O/pcl-superbuild/iOSWrapper/../build/CMakeExternals/Install/eigen");
				INSTALL_PATH = "";
				OTHER_LDFLAGS = " ";
				OTHER_REZFLAGS = "";
				PRODUCT_NAME = ALL_BUILD;
				SECTORDER_FLAGS = "";
				SYMROOT = "/Users/T_O/pcl-superbuild/iOSWrapper/build.sim";
				USE_HEADERMAP = NO;
				WARNING_CFLAGS = ("-Wmost","-Wno-four-char-constants","-Wno-unknown-pragmas","$(inherited)");
			};
			name = RelWithDebInfo;
		};
/* End XCBuildConfiguration section */

/* Begin XCConfigurationList section */
		062DCFAA89734B54B69A730A /* Build configuration list for PBXProject "Project" */ = {
			isa = XCConfigurationList;
			buildConfigurations = (
				AC069C6649D14D488000BF1A /* Debug */,
				1960A8C1A0CC47A095E74BC0 /* Release */,
				2D93C7005DB14024A88A4FE6 /* MinSizeRel */,
				7107FE92A4DF4E3ABA185219 /* RelWithDebInfo */,
			);
			defaultConfigurationIsVisible = 0;
			defaultConfigurationName = Debug;
		};
		333BE576011147A592EE4FAA /* Build configuration list for PBXAggregateTarget "ZERO_CHECK" */ = {
			isa = XCConfigurationList;
			buildConfigurations = (
				00782FA2BE604AFC8387EEF5 /* Debug */,
				3D7BAC29B2F44EC787CE0F46 /* Release */,
				8F6C9414E5444B90ADA35B90 /* MinSizeRel */,
				43BC58E16D3B4829BEBE4DDE /* RelWithDebInfo */,
			);
			defaultConfigurationIsVisible = 0;
			defaultConfigurationName = Debug;
		};
		9AFC3D56B35E435AAE261A49 /* Build configuration list for PBXAggregateTarget "ALL_BUILD" */ = {
			isa = XCConfigurationList;
			buildConfigurations = (
				10DC0E75B26749068C3E8FFD /* Debug */,
				243CAC0A22CD4535A6351AB3 /* Release */,
				963EC87B19BF4AE7B15AA159 /* MinSizeRel */,
				FEF6AEC4F133422E9B680B32 /* RelWithDebInfo */,
			);
			defaultConfigurationIsVisible = 0;
			defaultConfigurationName = Debug;
		};
		A64DA6B5988045009C512C52 /* Build configuration list for PBXNativeTarget "pcl" */ = {
			isa = XCConfigurationList;
			buildConfigurations = (
				91F81AB3A1AB4C2B8A95CAD1 /* Debug */,
				24C1F473CD274A9E9F5E4EBD /* Release */,
				E8B2FE44F6DC4CFD8E7DEBEA /* MinSizeRel */,
				269D307FF0E64773BAE9658F /* RelWithDebInfo */,
			);
			defaultConfigurationIsVisible = 0;
			defaultConfigurationName = Debug;
		};
/* End XCConfigurationList section */
	};
	rootObject = 1A58459A144640B58F85B109 /* Project object */;
}
